// !$*UTF8*$!
{
	archiveVersion = 1;
	classes = {
	};
	objectVersion = 56;
	objects = {

/* Begin PBXBuildFile section */
		046A3081C9F9A8E486713901 /* EmptyPreviewView.swift in Sources */ = {isa = PBXBuildFile; fileRef = C69396FAE1416DA6A369BBDC /* EmptyPreviewView.swift */; };
		0CBD0CD62319C7801E72CE1A /* AuthService.swift in Sources */ = {isa = PBXBuildFile; fileRef = 696FF167B14C8BBD12958A10 /* AuthService.swift */; };
		0F5C621C255ED1D1ED92354A /* CommonModels.swift in Sources */ = {isa = PBXBuildFile; fileRef = 6F0C8E2B8D1614829B174F9A /* CommonModels.swift */; };
		13EAEBAAAC7381CA06D71B4A /* HandbookPreview.swift in Sources */ = {isa = PBXBuildFile; fileRef = 72F0FDE017AA63842A64DD61 /* HandbookPreview.swift */; };
		1544DF6ADC7DC9778A60BEA8 /* MatchaWorkService.swift in Sources */ = {isa = PBXBuildFile; fileRef = 4CDEE91D105D2B702A920ED3 /* MatchaWorkService.swift */; };
		15E1BD123DCD5C4F06029703 /* ProjectLayoutEnums.swift in Sources */ = {isa = PBXBuildFile; fileRef = E21DF105CC19746BC2BF16B1 /* ProjectLayoutEnums.swift */; };
		1896C192062FDFA5D66338DF /* AuthViewModel.swift in Sources */ = {isa = PBXBuildFile; fileRef = 0B03E99B58F986725B43CD7A /* AuthViewModel.swift */; };
		1BFFF9E1D881752A67CF8777 /* VersionHistoryView.swift in Sources */ = {isa = PBXBuildFile; fileRef = 49C4DFA44755333D647B43C2 /* VersionHistoryView.swift */; };
		1FEDFFD4BC1C7F59E9CFD687 /* AuthModels.swift in Sources */ = {isa = PBXBuildFile; fileRef = 210A398CCEA5FA1784C2C92D /* AuthModels.swift */; };
		208F703F48307B35717A911B /* LoadingDots.swift in Sources */ = {isa = PBXBuildFile; fileRef = B13338371A8BC76142D4A946 /* LoadingDots.swift */; };
		2200E28DD83F146D6E9B397B /* PresentationPreview.swift in Sources */ = {isa = PBXBuildFile; fileRef = DC65D71C638B8C8239D71F61 /* PresentationPreview.swift */; };
		27D89F55D2042BB60126C2E5 /* ContentView.swift in Sources */ = {isa = PBXBuildFile; fileRef = 9A53863E4FE1105A953775B9 /* ContentView.swift */; };
		DETA11PANE000000000000B1 /* DetailPanes.swift in Sources */ = {isa = PBXBuildFile; fileRef = DETA11PANE000000000000F2 /* DetailPanes.swift */; };
		29E4BDC2148FC96D831C7A74 /* KeychainHelper.swift in Sources */ = {isa = PBXBuildFile; fileRef = 87CD3FA8F0164D2F29731B2D /* KeychainHelper.swift */; };
		2F0C483E53DBB74921718596 /* MultipartUploadBuilder.swift in Sources */ = {isa = PBXBuildFile; fileRef = E5C3CE5229A938126E840ABD /* MultipartUploadBuilder.swift */; };
		35A88FEB1B7D4BDCB23DE5F5 /* JournalService.swift in Sources */ = {isa = PBXBuildFile; fileRef = 73F38747B7DF91D0B1AD3216 /* JournalService.swift */; };
		36EE1D8AC492F24143BFEEBD /* ThreadDetailView.swift in Sources */ = {isa = PBXBuildFile; fileRef = A91B82ECF6D3B416A97C8FD9 /* ThreadDetailView.swift */; };
		48C216A1C92E1717B236961D /* NewThreadView.swift in Sources */ = {isa = PBXBuildFile; fileRef = 1768B8AD82B9DE8709D0ADF7 /* NewThreadView.swift */; };
		4AE084C390D04987CC53601E /* LoginView.swift in Sources */ = {isa = PBXBuildFile; fileRef = A7C07C71E59F24539F32D490 /* LoginView.swift */; };
		59E0948E7E02B420F0B7B103 /* StatusBadge.swift in Sources */ = {isa = PBXBuildFile; fileRef = FAD09F509367E88989F2B765 /* StatusBadge.swift */; };
		6F4D96E081CDF78AEAF3362F /* ProjectModels.swift in Sources */ = {isa = PBXBuildFile; fileRef = F36237057E487E8EC4E98717 /* ProjectModels.swift */; };
		788DF3AB085B3D15F4231730 /* ChatPanelView.swift in Sources */ = {isa = PBXBuildFile; fileRef = C52416548CAE98530BAD906E /* ChatPanelView.swift */; };
		79C8F2CC973CDDC430211240 /* ChannelMessageRowView.swift in Sources */ = {isa = PBXBuildFile; fileRef = F2122823C3D149F37FE040CC /* ChannelMessageRowView.swift */; };
		84947A5F80A1EC7B15C1B8E9 /* Assets.xcassets in Resources */ = {isa = PBXBuildFile; fileRef = 043A0A515D971904874F82FA /* Assets.xcassets */; };
		8563D547DEF316259DBF144C /* BillingUsageModels.swift in Sources */ = {isa = PBXBuildFile; fileRef = B06A176992AA39C8E304EFD0 /* BillingUsageModels.swift */; };
		8E5D6EC70EEDBE08AE76BDEA /* ThreadModels.swift in Sources */ = {isa = PBXBuildFile; fileRef = F2945FB0998BBD2E516955D3 /* ThreadModels.swift */; };
		A1B2C3D4E5F60708AA000001 /* ProfileSheet.swift in Sources */ = {isa = PBXBuildFile; fileRef = A1B2C3D4E5F60708BB000001 /* ProfileSheet.swift */; };
		A31D7A9BF3074252D07F87A8 /* DashboardModels.swift in Sources */ = {isa = PBXBuildFile; fileRef = 94FBACAA706BADE04CF26DE2 /* DashboardModels.swift */; };
		A7F2C319E8B045D16F3CA982 /* SkillsView.swift in Sources */ = {isa = PBXBuildFile; fileRef = B9E4D71F3C825A064D17F308 /* SkillsView.swift */; };
		A8B0E4F8719EE4B839FFBCBC /* AppState.swift in Sources */ = {isa = PBXBuildFile; fileRef = 88DD03E26D63AB66B7AF4B39 /* AppState.swift */; };
		AA11BB22CC33DD44EE550001 /* ProjectDetailViewModel.swift in Sources */ = {isa = PBXBuildFile; fileRef = AA11BB22CC33DD44EE660001 /* ProjectDetailViewModel.swift */; };
		AA11BB22CC33DD44EE550002 /* ProjectListView.swift in Sources */ = {isa = PBXBuildFile; fileRef = AA11BB22CC33DD44EE660002 /* ProjectListView.swift */; };
		AA11BB22CC33DD44EE550003 /* ProjectDetailView.swift in Sources */ = {isa = PBXBuildFile; fileRef = AA11BB22CC33DD44EE660003 /* ProjectDetailView.swift */; };
		AA11BB22CC33DD44EE550004 /* SectionEditorView.swift in Sources */ = {isa = PBXBuildFile; fileRef = AA11BB22CC33DD44EE660004 /* SectionEditorView.swift */; };
		AA11BB22CC33DD44EE550005 /* CollaboratorPanelView.swift in Sources */ = {isa = PBXBuildFile; fileRef = AA11BB22CC33DD44EE660005 /* CollaboratorPanelView.swift */; };
		AA11BB22CC33DD44EE550006 /* AgentPanelView.swift in Sources */ = {isa = PBXBuildFile; fileRef = AA11BB22CC33DD44EE660006 /* AgentPanelView.swift */; };
		AA11BB22CC33DD44EE550007 /* ComplianceDecisionTreeView.swift in Sources */ = {isa = PBXBuildFile; fileRef = AA11BB22CC33DD44EE660007 /* ComplianceDecisionTreeView.swift */; };
		AA11BB22CC33DD44EE550008 /* InboxService.swift in Sources */ = {isa = PBXBuildFile; fileRef = AA11BB22CC33DD44EE660008 /* InboxService.swift */; };
		AA11BB22CC33DD44EE550009 /* InboxView.swift in Sources */ = {isa = PBXBuildFile; fileRef = AA11BB22CC33DD44EE660009 /* InboxView.swift */; };
		AA11BB22CC33DD44EE55000A /* InboxComposeView.swift in Sources */ = {isa = PBXBuildFile; fileRef = AA11BB22CC33DD44EE66000A /* InboxComposeView.swift */; };
		AA11BB22CC33DD44EE55000B /* KanbanBoardView.swift in Sources */ = {isa = PBXBuildFile; fileRef = AA11BB22CC33DD44EE66000B /* KanbanBoardView.swift */; };
		DEADBEEF000000000000B001 /* AIComposeBar.swift in Sources */ = {isa = PBXBuildFile; fileRef = DEADBEEF000000000000F001 /* AIComposeBar.swift */; };
		DEADBEEF000000000000B002 /* AttachmentRow.swift in Sources */ = {isa = PBXBuildFile; fileRef = DEADBEEF000000000000F002 /* AttachmentRow.swift */; };
		DEADBEEF000000000000B003 /* AIDraftReview.swift in Sources */ = {isa = PBXBuildFile; fileRef = DEADBEEF000000000000F003 /* AIDraftReview.swift */; };
		DEADBEEF000000000000B004 /* TaskCompose.swift in Sources */ = {isa = PBXBuildFile; fileRef = DEADBEEF000000000000F004 /* TaskCompose.swift */; };
		DEADBEEF000000000000B005 /* DealCompose.swift in Sources */ = {isa = PBXBuildFile; fileRef = DEADBEEF000000000000F005 /* DealCompose.swift */; };
		DEADBEEF000000000000B006 /* TaskEditor.swift in Sources */ = {isa = PBXBuildFile; fileRef = DEADBEEF000000000000F006 /* TaskEditor.swift */; };
		DEADBEEF000000000000B007 /* KanbanCard.swift in Sources */ = {isa = PBXBuildFile; fileRef = DEADBEEF000000000000F007 /* KanbanCard.swift */; };
		DEADBEEF000000000000B008 /* KanbanSearch.swift in Sources */ = {isa = PBXBuildFile; fileRef = DEADBEEF000000000000F008 /* KanbanSearch.swift */; };
		AA11BB22CC33DD44EE55000C /* ProjectFilesView.swift in Sources */ = {isa = PBXBuildFile; fileRef = AA11BB22CC33DD44EE66000C /* ProjectFilesView.swift */; };
		AA11BB22CC33DD44EE5500F1 /* AttachmentPreviewSheet.swift in Sources */ = {isa = PBXBuildFile; fileRef = AA11BB22CC33DD44EE6600F1 /* AttachmentPreviewSheet.swift */; };
		AA11BB22CC33DD44EE5500F2 /* TaskViewerSheet.swift in Sources */ = {isa = PBXBuildFile; fileRef = AA11BB22CC33DD44EE6600F2 /* TaskViewerSheet.swift */; };
		AA11BB22CC33DD44EE5500F3 /* TaskHistoryTimeline.swift in Sources */ = {isa = PBXBuildFile; fileRef = AA11BB22CC33DD44EE6600F3 /* TaskHistoryTimeline.swift */; };
		AA11BB22CC33DD44EE5500F4 /* SettingsView.swift in Sources */ = {isa = PBXBuildFile; fileRef = AA11BB22CC33DD44EE6600F4 /* SettingsView.swift */; };
		AA11BB22CC33DD44EE5500F5 /* ChannelToastOverlay.swift in Sources */ = {isa = PBXBuildFile; fileRef = AA11BB22CC33DD44EE6600F5 /* ChannelToastOverlay.swift */; };
		AA11BB22CC33DD44EE55000D /* MarkdownTextEditor.swift in Sources */ = {isa = PBXBuildFile; fileRef = AA11BB22CC33DD44EE66000D /* MarkdownTextEditor.swift */; };
		AA11BB22CC33DD44EE550099 /* CollabProjectWizardView.swift in Sources */ = {isa = PBXBuildFile; fileRef = AA11BB22CC33DD44EE660099 /* CollabProjectWizardView.swift */; };
		AA11BB22CC33DD44EE5500E1 /* TaskProgressBar.swift in Sources */ = {isa = PBXBuildFile; fileRef = AA11BB22CC33DD44EE6600E1 /* TaskProgressBar.swift */; };
		AA11BB22CC33DD44EE5500E2 /* HomeDashboardView.swift in Sources */ = {isa = PBXBuildFile; fileRef = AA11BB22CC33DD44EE6600E2 /* HomeDashboardView.swift */; };
		AA11BB22CC33DD44EE550DBB /* DisciplineWorkflowBar.swift in Sources */ = {isa = PBXBuildFile; fileRef = AA11BB22CC33DD44EE660DBB /* DisciplineWorkflowBar.swift */; };
		AA11BB22CC33DD44EE550DBC /* NotificationsPopoverView.swift in Sources */ = {isa = PBXBuildFile; fileRef = AA11BB22CC33DD44EE660DBC /* NotificationsPopoverView.swift */; };
		AB82F80A190A3ABAA475142E /* ChannelMessageComposer.swift in Sources */ = {isa = PBXBuildFile; fileRef = FF4C96E6C5F0062D21DAB318 /* ChannelMessageComposer.swift */; };
		B2C7DB8AE33E886529C5BF99 /* MatchaApp.swift in Sources */ = {isa = PBXBuildFile; fileRef = CC995D9793AD79440F7616A7 /* MatchaApp.swift */; };
		B55E9EBE356E2355C423AF35 /* OfferLetterPreview.swift in Sources */ = {isa = PBXBuildFile; fileRef = 6F6C8A43CDE8687F6B34C2BB /* OfferLetterPreview.swift */; };
		B5C6D7E8F9A0112B3C4D5E6F /* InventoryPanelView.swift in Sources */ = {isa = PBXBuildFile; fileRef = C6D7E8F9A0B1223C4D5E6F70 /* InventoryPanelView.swift */; };
		BB01CC22DD33EE44FF550001 /* NewBlogSheet.swift in Sources */ = {isa = PBXBuildFile; fileRef = BB01CC22DD33EE44FF660001 /* NewBlogSheet.swift */; };
		BB01CC22DD33EE44FF550002 /* BlogEditorView.swift in Sources */ = {isa = PBXBuildFile; fileRef = BB01CC22DD33EE44FF660002 /* BlogEditorView.swift */; };
		BB01CC22DD33EE44FF550003 /* MarkdownPreviewView.swift in Sources */ = {isa = PBXBuildFile; fileRef = BB01CC22DD33EE44FF660003 /* MarkdownPreviewView.swift */; };
		BC01DD22EE33FF445566AA01 /* BroadcastModels.swift in Sources */ = {isa = PBXBuildFile; fileRef = BC01DD22EE33FF445566BB01 /* BroadcastModels.swift */; };
		BC01DD22EE33FF445566AA02 /* BroadcastService.swift in Sources */ = {isa = PBXBuildFile; fileRef = BC01DD22EE33FF445566BB02 /* BroadcastService.swift */; };
		BC01DD22EE33FF445566AA03 /* BroadcastPanelView.swift in Sources */ = {isa = PBXBuildFile; fileRef = BC01DD22EE33FF445566BB03 /* BroadcastPanelView.swift */; };
		BC01DD22EE33FF445566CC01 /* LiveKit in Frameworks */ = {isa = PBXBuildFile; productRef = BC01DD22EE33FF445566DD01 /* LiveKit */; };
		C02BB2F46D45FC99FA9D687C /* ReviewPreview.swift in Sources */ = {isa = PBXBuildFile; fileRef = 0FAD57D16922818CB8ECD1BE /* ReviewPreview.swift */; };
		C0C0C0C0C0C0C0C001010001 /* ProjectWebSocket.swift in Sources */ = {isa = PBXBuildFile; fileRef = C0C0C0C0C0C0C0C001010002 /* ProjectWebSocket.swift */; };
		C0C0C0C0C0C0C0C001010003 /* ProjectPresenceViewModel.swift in Sources */ = {isa = PBXBuildFile; fileRef = C0C0C0C0C0C0C0C001010004 /* ProjectPresenceViewModel.swift */; };
		C0C0C0C0C0C0C0C001010005 /* ProjectPresenceOverlay.swift in Sources */ = {isa = PBXBuildFile; fileRef = C0C0C0C0C0C0C0C001010006 /* ProjectPresenceOverlay.swift */; };
		C0C0C0C0C0C0C0C001010007 /* PresencePillContent.swift in Sources */ = {isa = PBXBuildFile; fileRef = C0C0C0C0C0C0C0C001010008 /* PresencePillContent.swift */; };
		C77BADBAE54E04005E00E518 /* ThreadListView.swift in Sources */ = {isa = PBXBuildFile; fileRef = 0B3F3B04FAEA73368120D2C4 /* ThreadListView.swift */; };
		CC11DD22EE33FF445566CC01 /* ChannelChatViewModel.swift in Sources */ = {isa = PBXBuildFile; fileRef = CC11DD22EE33FF445566DD01 /* ChannelChatViewModel.swift */; };
		CC11DD22EE33FF445566CC02 /* ChannelBrowseView.swift in Sources */ = {isa = PBXBuildFile; fileRef = CC11DD22EE33FF445566DD02 /* ChannelBrowseView.swift */; };
		CD8E2AC8C71F4565B14885A3 /* CollabOverviewView.swift in Sources */ = {isa = PBXBuildFile; fileRef = 3737282FBC93D1C7D4F69B52 /* CollabOverviewView.swift */; };
		D014E746179379BF6C5E42D5 /* WorkbookPreview.swift in Sources */ = {isa = PBXBuildFile; fileRef = 28F1337BB8013FD3C4C0366C /* WorkbookPreview.swift */; };
		D1A2B3C4E5F60718A9B0C1D2 /* UsageSummaryView.swift in Sources */ = {isa = PBXBuildFile; fileRef = E2B3C4D5F6071829A0B1C2D3 /* UsageSummaryView.swift */; };
		D4A29278ECC3366A13089D39 /* ServiceCache.swift in Sources */ = {isa = PBXBuildFile; fileRef = 5ADDBEAEEBA9E4439ECD6181 /* ServiceCache.swift */; };
		DD00EE11FF22334455660001 /* ChannelModels.swift in Sources */ = {isa = PBXBuildFile; fileRef = DD00EE11FF22334455770001 /* ChannelModels.swift */; };
		DD00EE11FF22334455660002 /* ChannelsService.swift in Sources */ = {isa = PBXBuildFile; fileRef = DD00EE11FF22334455770002 /* ChannelsService.swift */; };
		DD00EE11FF22334455660003 /* ChannelsWebSocket.swift in Sources */ = {isa = PBXBuildFile; fileRef = DD00EE11FF22334455770003 /* ChannelsWebSocket.swift */; };
		DD00EE11FF22334455660004 /* ChannelsSidebarView.swift in Sources */ = {isa = PBXBuildFile; fileRef = DD00EE11FF22334455770004 /* ChannelsSidebarView.swift */; };
		DD00EE11FF22334455660005 /* ChannelDetailView.swift in Sources */ = {isa = PBXBuildFile; fileRef = DD00EE11FF22334455770005 /* ChannelDetailView.swift */; };
		DD00EE11FF22334455660099 /* ChannelNotificationManager.swift in Sources */ = {isa = PBXBuildFile; fileRef = DD00EE11FF22334455770099 /* ChannelNotificationManager.swift */; };
		DD00EE11FF22334455660D11 /* InviteToChannelSheet.swift in Sources */ = {isa = PBXBuildFile; fileRef = DD00EE11FF22334455770D11 /* InviteToChannelSheet.swift */; };
		DD00EE11FF22334455660D22 /* ChannelAdminWizardView.swift in Sources */ = {isa = PBXBuildFile; fileRef = DD00EE11FF22334455770D22 /* ChannelAdminWizardView.swift */; };
		DD00EE11FF22334455660D33 /* DiscoverChannelsSheet.swift in Sources */ = {isa = PBXBuildFile; fileRef = DD00EE11FF22334455770D33 /* DiscoverChannelsSheet.swift */; };
		DD343056F054F8BDBF544DE9 /* JournalModels.swift in Sources */ = {isa = PBXBuildFile; fileRef = FB80201DE714C0F80F92AE17 /* JournalModels.swift */; };
		DDDD0E0E0E0E0E0E01010001 /* ManageMembersSheet.swift in Sources */ = {isa = PBXBuildFile; fileRef = DDDD0E0E0E0E0E0E01010002 /* ManageMembersSheet.swift */; };
		DDDD0E0E0E0E0E0E01010003 /* InviteToBroadcastSheet.swift in Sources */ = {isa = PBXBuildFile; fileRef = DDDD0E0E0E0E0E0E01010004 /* InviteToBroadcastSheet.swift */; };
		DE731D126A1289244FB208C3 /* OnboardingPreview.swift in Sources */ = {isa = PBXBuildFile; fileRef = C91B349426CC3B8BAC1F8C8F /* OnboardingPreview.swift */; };
		E5454454BDC033D4A00E1FFC /* APIClient.swift in Sources */ = {isa = PBXBuildFile; fileRef = 15F1E6446AC5C08F85073A51 /* APIClient.swift */; };
		E6875027B0F5CBDE47D488EF /* Color+Extensions.swift in Sources */ = {isa = PBXBuildFile; fileRef = AD198140CC378D9E843FA827 /* Color+Extensions.swift */; };
		E8EB21EC67FE2F741A8AEA6A /* MessageBubbleView.swift in Sources */ = {isa = PBXBuildFile; fileRef = 3AE423DAF2E806EE77E7FB4D /* MessageBubbleView.swift */; };
		EA919C72C6BC11E7284A0819 /* InboxModels.swift in Sources */ = {isa = PBXBuildFile; fileRef = CF707A5E6753C70A05A531E9 /* InboxModels.swift */; };
		EC4ABAA381C7E136838EDD09 /* ThreadDetailViewModel.swift in Sources */ = {isa = PBXBuildFile; fileRef = F88AB428B69CD0DC86AF1AA9 /* ThreadDetailViewModel.swift */; };
		EE11FF2233445566AA000001 /* RecruitingPipelineView.swift in Sources */ = {isa = PBXBuildFile; fileRef = EE11FF2233445566BB000001 /* RecruitingPipelineView.swift */; };
		EEEE0J0J0J0J0J0J01010001 /* JournalDetailViewModel.swift in Sources */ = {isa = PBXBuildFile; fileRef = EEEE0J0J0J0J0J0J01010002 /* JournalDetailViewModel.swift */; };
		EEEE0J0J0J0J0J0J01010003 /* JournalListView.swift in Sources */ = {isa = PBXBuildFile; fileRef = EEEE0J0J0J0J0J0J01010004 /* JournalListView.swift */; };
		EEEE0J0J0J0J0J0J01010005 /* JournalDetailView.swift in Sources */ = {isa = PBXBuildFile; fileRef = EEEE0J0J0J0J0J0J01010006 /* JournalDetailView.swift */; };
		EEEE0J0J0J0J0J0J01010007 /* NewJournalSheet.swift in Sources */ = {isa = PBXBuildFile; fileRef = EEEE0J0J0J0J0J0J01010008 /* NewJournalSheet.swift */; };
		EEEE0J0J0J0J0J0J01010009 /* InviteToJournalSheet.swift in Sources */ = {isa = PBXBuildFile; fileRef = EEEE0J0J0J0J0J0J0101000A /* InviteToJournalSheet.swift */; };
		EF490FCC7A73D9DD090B6E9D /* PendingChannelAttachment.swift in Sources */ = {isa = PBXBuildFile; fileRef = BCB330C91A9BDEA760F9F330 /* PendingChannelAttachment.swift */; };
		F3A4B5C6D7E8091A2B3C4D5E /* ResumeBatchPanelView.swift in Sources */ = {isa = PBXBuildFile; fileRef = A4B5C6D7E8F9011A2B3C4D5E /* ResumeBatchPanelView.swift */; };
		FADFA74F8E449B203A55B306 /* ThreadListViewModel.swift in Sources */ = {isa = PBXBuildFile; fileRef = FA53495B161A46747955400C /* ThreadListViewModel.swift */; };
		FC22CC98585FB00D59E39358 /* PreviewPanelView.swift in Sources */ = {isa = PBXBuildFile; fileRef = DCD9DCBDB9CC47BA70B5F0FF /* PreviewPanelView.swift */; };
		FF11223344556677AA000001 /* PeopleView.swift in Sources */ = {isa = PBXBuildFile; fileRef = FF11223344556677BB000001 /* PeopleView.swift */; };
		FFFF1S1S1S1S1S1S01010001 /* ChannelStarStore.swift in Sources */ = {isa = PBXBuildFile; fileRef = FFFF1S1S1S1S1S1S01010002 /* ChannelStarStore.swift */; };
		AA11BB22CC33DD44EE5500F6 /* SidebarSectionOrderStore.swift in Sources */ = {isa = PBXBuildFile; fileRef = AA11BB22CC33DD44EE6600F6 /* SidebarSectionOrderStore.swift */; };
		G1G2G3000000000000000001 /* RichJournalEditor.swift in Sources */ = {isa = PBXBuildFile; fileRef = G1G2G3000000000000000002 /* RichJournalEditor.swift */; };
		G1G2G3000000000000000003 /* JournalEditorToolbar.swift in Sources */ = {isa = PBXBuildFile; fileRef = G1G2G3000000000000000004 /* JournalEditorToolbar.swift */; };
		G1G2G3000000000000000005 /* JournalContentView.swift in Sources */ = {isa = PBXBuildFile; fileRef = G1G2G3000000000000000006 /* JournalContentView.swift */; };
		G1G2G3000000000000000007 /* JournalStylePopover.swift in Sources */ = {isa = PBXBuildFile; fileRef = G1G2G3000000000000000008 /* JournalStylePopover.swift */; };
/* End PBXBuildFile section */

/* Begin PBXFileReference section */
		043A0A515D971904874F82FA /* Assets.xcassets */ = {isa = PBXFileReference; lastKnownFileType = folder.assetcatalog; path = Assets.xcassets; sourceTree = "<group>"; };
		0B03E99B58F986725B43CD7A /* AuthViewModel.swift */ = {isa = PBXFileReference; lastKnownFileType = sourcecode.swift; path = AuthViewModel.swift; sourceTree = "<group>"; };
		0B3F3B04FAEA73368120D2C4 /* ThreadListView.swift */ = {isa = PBXFileReference; lastKnownFileType = sourcecode.swift; path = ThreadListView.swift; sourceTree = "<group>"; };
		0FAD57D16922818CB8ECD1BE /* ReviewPreview.swift */ = {isa = PBXFileReference; includeInIndex = 1; lastKnownFileType = sourcecode.swift; path = ReviewPreview.swift; sourceTree = "<group>"; };
		15F1E6446AC5C08F85073A51 /* APIClient.swift */ = {isa = PBXFileReference; lastKnownFileType = sourcecode.swift; path = APIClient.swift; sourceTree = "<group>"; };
		1768B8AD82B9DE8709D0ADF7 /* NewThreadView.swift */ = {isa = PBXFileReference; lastKnownFileType = sourcecode.swift; path = NewThreadView.swift; sourceTree = "<group>"; };
		210A398CCEA5FA1784C2C92D /* AuthModels.swift */ = {isa = PBXFileReference; lastKnownFileType = sourcecode.swift; path = AuthModels.swift; sourceTree = "<group>"; };
		28F1337BB8013FD3C4C0366C /* WorkbookPreview.swift */ = {isa = PBXFileReference; includeInIndex = 1; lastKnownFileType = sourcecode.swift; path = WorkbookPreview.swift; sourceTree = "<group>"; };
		3737282FBC93D1C7D4F69B52 /* CollabOverviewView.swift */ = {isa = PBXFileReference; includeInIndex = 1; lastKnownFileType = sourcecode.swift; path = CollabOverviewView.swift; sourceTree = "<group>"; };
		3AE423DAF2E806EE77E7FB4D /* MessageBubbleView.swift */ = {isa = PBXFileReference; lastKnownFileType = sourcecode.swift; path = MessageBubbleView.swift; sourceTree = "<group>"; };
		49C4DFA44755333D647B43C2 /* VersionHistoryView.swift */ = {isa = PBXFileReference; lastKnownFileType = sourcecode.swift; path = VersionHistoryView.swift; sourceTree = "<group>"; };
		4CDEE91D105D2B702A920ED3 /* MatchaWorkService.swift */ = {isa = PBXFileReference; lastKnownFileType = sourcecode.swift; path = MatchaWorkService.swift; sourceTree = "<group>"; };
		564E3C3CDF69E05F3D1338CB /* Matcha.app */ = {isa = PBXFileReference; explicitFileType = wrapper.application; includeInIndex = 0; path = Matcha.app; sourceTree = BUILT_PRODUCTS_DIR; };
		5ADDBEAEEBA9E4439ECD6181 /* ServiceCache.swift */ = {isa = PBXFileReference; includeInIndex = 1; lastKnownFileType = sourcecode.swift; path = ServiceCache.swift; sourceTree = "<group>"; };
		696FF167B14C8BBD12958A10 /* AuthService.swift */ = {isa = PBXFileReference; lastKnownFileType = sourcecode.swift; path = AuthService.swift; sourceTree = "<group>"; };
		6F0C8E2B8D1614829B174F9A /* CommonModels.swift */ = {isa = PBXFileReference; includeInIndex = 1; lastKnownFileType = sourcecode.swift; path = CommonModels.swift; sourceTree = "<group>"; };
		6F6C8A43CDE8687F6B34C2BB /* OfferLetterPreview.swift */ = {isa = PBXFileReference; includeInIndex = 1; lastKnownFileType = sourcecode.swift; path = OfferLetterPreview.swift; sourceTree = "<group>"; };
		72F0FDE017AA63842A64DD61 /* HandbookPreview.swift */ = {isa = PBXFileReference; includeInIndex = 1; lastKnownFileType = sourcecode.swift; path = HandbookPreview.swift; sourceTree = "<group>"; };
		73F38747B7DF91D0B1AD3216 /* JournalService.swift */ = {isa = PBXFileReference; includeInIndex = 1; lastKnownFileType = sourcecode.swift; path = JournalService.swift; sourceTree = "<group>"; };
		87CD3FA8F0164D2F29731B2D /* KeychainHelper.swift */ = {isa = PBXFileReference; lastKnownFileType = sourcecode.swift; path = KeychainHelper.swift; sourceTree = "<group>"; };
		88DD03E26D63AB66B7AF4B39 /* AppState.swift */ = {isa = PBXFileReference; lastKnownFileType = sourcecode.swift; path = AppState.swift; sourceTree = "<group>"; };
		94FBACAA706BADE04CF26DE2 /* DashboardModels.swift */ = {isa = PBXFileReference; includeInIndex = 1; lastKnownFileType = sourcecode.swift; path = DashboardModels.swift; sourceTree = "<group>"; };
		9A53863E4FE1105A953775B9 /* ContentView.swift */ = {isa = PBXFileReference; lastKnownFileType = sourcecode.swift; path = ContentView.swift; sourceTree = "<group>"; };
		DETA11PANE000000000000F2 /* DetailPanes.swift */ = {isa = PBXFileReference; lastKnownFileType = sourcecode.swift; path = DetailPanes.swift; sourceTree = "<group>"; };
		A1B2C3D4E5F60708BB000001 /* ProfileSheet.swift */ = {isa = PBXFileReference; lastKnownFileType = sourcecode.swift; path = ProfileSheet.swift; sourceTree = "<group>"; };
		A4B5C6D7E8F9011A2B3C4D5E /* ResumeBatchPanelView.swift */ = {isa = PBXFileReference; lastKnownFileType = sourcecode.swift; path = ResumeBatchPanelView.swift; sourceTree = "<group>"; };
		A7C07C71E59F24539F32D490 /* LoginView.swift */ = {isa = PBXFileReference; lastKnownFileType = sourcecode.swift; path = LoginView.swift; sourceTree = "<group>"; };
		A91B82ECF6D3B416A97C8FD9 /* ThreadDetailView.swift */ = {isa = PBXFileReference; lastKnownFileType = sourcecode.swift; path = ThreadDetailView.swift; sourceTree = "<group>"; };
		AA11BB22CC33DD44EE660001 /* ProjectDetailViewModel.swift */ = {isa = PBXFileReference; lastKnownFileType = sourcecode.swift; path = ProjectDetailViewModel.swift; sourceTree = "<group>"; };
		AA11BB22CC33DD44EE660002 /* ProjectListView.swift */ = {isa = PBXFileReference; lastKnownFileType = sourcecode.swift; path = ProjectListView.swift; sourceTree = "<group>"; };
		AA11BB22CC33DD44EE660003 /* ProjectDetailView.swift */ = {isa = PBXFileReference; lastKnownFileType = sourcecode.swift; path = ProjectDetailView.swift; sourceTree = "<group>"; };
		AA11BB22CC33DD44EE660004 /* SectionEditorView.swift */ = {isa = PBXFileReference; lastKnownFileType = sourcecode.swift; path = SectionEditorView.swift; sourceTree = "<group>"; };
		AA11BB22CC33DD44EE660005 /* CollaboratorPanelView.swift */ = {isa = PBXFileReference; lastKnownFileType = sourcecode.swift; path = CollaboratorPanelView.swift; sourceTree = "<group>"; };
		AA11BB22CC33DD44EE660006 /* AgentPanelView.swift */ = {isa = PBXFileReference; lastKnownFileType = sourcecode.swift; path = AgentPanelView.swift; sourceTree = "<group>"; };
		AA11BB22CC33DD44EE660007 /* ComplianceDecisionTreeView.swift */ = {isa = PBXFileReference; lastKnownFileType = sourcecode.swift; path = ComplianceDecisionTreeView.swift; sourceTree = "<group>"; };
		AA11BB22CC33DD44EE660008 /* InboxService.swift */ = {isa = PBXFileReference; lastKnownFileType = sourcecode.swift; path = InboxService.swift; sourceTree = "<group>"; };
		AA11BB22CC33DD44EE660009 /* InboxView.swift */ = {isa = PBXFileReference; lastKnownFileType = sourcecode.swift; path = InboxView.swift; sourceTree = "<group>"; };
		AA11BB22CC33DD44EE66000A /* InboxComposeView.swift */ = {isa = PBXFileReference; lastKnownFileType = sourcecode.swift; path = InboxComposeView.swift; sourceTree = "<group>"; };
		AA11BB22CC33DD44EE66000B /* KanbanBoardView.swift */ = {isa = PBXFileReference; lastKnownFileType = sourcecode.swift; path = KanbanBoardView.swift; sourceTree = "<group>"; };
		DEADBEEF000000000000F001 /* AIComposeBar.swift */ = {isa = PBXFileReference; lastKnownFileType = sourcecode.swift; path = AIComposeBar.swift; sourceTree = "<group>"; };
		DEADBEEF000000000000F002 /* AttachmentRow.swift */ = {isa = PBXFileReference; lastKnownFileType = sourcecode.swift; path = AttachmentRow.swift; sourceTree = "<group>"; };
		DEADBEEF000000000000F003 /* AIDraftReview.swift */ = {isa = PBXFileReference; lastKnownFileType = sourcecode.swift; path = AIDraftReview.swift; sourceTree = "<group>"; };
		DEADBEEF000000000000F004 /* TaskCompose.swift */ = {isa = PBXFileReference; lastKnownFileType = sourcecode.swift; path = TaskCompose.swift; sourceTree = "<group>"; };
		DEADBEEF000000000000F005 /* DealCompose.swift */ = {isa = PBXFileReference; lastKnownFileType = sourcecode.swift; path = DealCompose.swift; sourceTree = "<group>"; };
		DEADBEEF000000000000F006 /* TaskEditor.swift */ = {isa = PBXFileReference; lastKnownFileType = sourcecode.swift; path = TaskEditor.swift; sourceTree = "<group>"; };
		DEADBEEF000000000000F007 /* KanbanCard.swift */ = {isa = PBXFileReference; lastKnownFileType = sourcecode.swift; path = KanbanCard.swift; sourceTree = "<group>"; };
		DEADBEEF000000000000F008 /* KanbanSearch.swift */ = {isa = PBXFileReference; lastKnownFileType = sourcecode.swift; path = KanbanSearch.swift; sourceTree = "<group>"; };
		AA11BB22CC33DD44EE66000C /* ProjectFilesView.swift */ = {isa = PBXFileReference; lastKnownFileType = sourcecode.swift; path = ProjectFilesView.swift; sourceTree = "<group>"; };
		AA11BB22CC33DD44EE6600F1 /* AttachmentPreviewSheet.swift */ = {isa = PBXFileReference; lastKnownFileType = sourcecode.swift; path = AttachmentPreviewSheet.swift; sourceTree = "<group>"; };
		AA11BB22CC33DD44EE6600F2 /* TaskViewerSheet.swift */ = {isa = PBXFileReference; lastKnownFileType = sourcecode.swift; path = TaskViewerSheet.swift; sourceTree = "<group>"; };
		AA11BB22CC33DD44EE6600F3 /* TaskHistoryTimeline.swift */ = {isa = PBXFileReference; lastKnownFileType = sourcecode.swift; path = TaskHistoryTimeline.swift; sourceTree = "<group>"; };
		AA11BB22CC33DD44EE6600F4 /* SettingsView.swift */ = {isa = PBXFileReference; lastKnownFileType = sourcecode.swift; path = SettingsView.swift; sourceTree = "<group>"; };
		AA11BB22CC33DD44EE6600F5 /* ChannelToastOverlay.swift */ = {isa = PBXFileReference; lastKnownFileType = sourcecode.swift; path = ChannelToastOverlay.swift; sourceTree = "<group>"; };
		AA11BB22CC33DD44EE66000D /* MarkdownTextEditor.swift */ = {isa = PBXFileReference; lastKnownFileType = sourcecode.swift; path = MarkdownTextEditor.swift; sourceTree = "<group>"; };
		AA11BB22CC33DD44EE660099 /* CollabProjectWizardView.swift */ = {isa = PBXFileReference; lastKnownFileType = sourcecode.swift; path = CollabProjectWizardView.swift; sourceTree = "<group>"; };
		AA11BB22CC33DD44EE6600E1 /* TaskProgressBar.swift */ = {isa = PBXFileReference; lastKnownFileType = sourcecode.swift; path = TaskProgressBar.swift; sourceTree = "<group>"; };
		AA11BB22CC33DD44EE6600E2 /* HomeDashboardView.swift */ = {isa = PBXFileReference; lastKnownFileType = sourcecode.swift; path = HomeDashboardView.swift; sourceTree = "<group>"; };
		AA11BB22CC33DD44EE660DBB /* DisciplineWorkflowBar.swift */ = {isa = PBXFileReference; lastKnownFileType = sourcecode.swift; path = DisciplineWorkflowBar.swift; sourceTree = "<group>"; };
		AA11BB22CC33DD44EE660DBC /* NotificationsPopoverView.swift */ = {isa = PBXFileReference; lastKnownFileType = sourcecode.swift; path = NotificationsPopoverView.swift; sourceTree = "<group>"; };
		AD198140CC378D9E843FA827 /* Color+Extensions.swift */ = {isa = PBXFileReference; lastKnownFileType = sourcecode.swift; path = "Color+Extensions.swift"; sourceTree = "<group>"; };
		B06A176992AA39C8E304EFD0 /* BillingUsageModels.swift */ = {isa = PBXFileReference; includeInIndex = 1; lastKnownFileType = sourcecode.swift; path = BillingUsageModels.swift; sourceTree = "<group>"; };
		B13338371A8BC76142D4A946 /* LoadingDots.swift */ = {isa = PBXFileReference; lastKnownFileType = sourcecode.swift; path = LoadingDots.swift; sourceTree = "<group>"; };
		B9E4D71F3C825A064D17F308 /* SkillsView.swift */ = {isa = PBXFileReference; lastKnownFileType = sourcecode.swift; path = SkillsView.swift; sourceTree = "<group>"; };
		BB01CC22DD33EE44FF660001 /* NewBlogSheet.swift */ = {isa = PBXFileReference; lastKnownFileType = sourcecode.swift; path = NewBlogSheet.swift; sourceTree = "<group>"; };
		BB01CC22DD33EE44FF660002 /* BlogEditorView.swift */ = {isa = PBXFileReference; lastKnownFileType = sourcecode.swift; path = BlogEditorView.swift; sourceTree = "<group>"; };
		BB01CC22DD33EE44FF660003 /* MarkdownPreviewView.swift */ = {isa = PBXFileReference; lastKnownFileType = sourcecode.swift; path = MarkdownPreviewView.swift; sourceTree = "<group>"; };
		BC01DD22EE33FF445566BB01 /* BroadcastModels.swift */ = {isa = PBXFileReference; lastKnownFileType = sourcecode.swift; path = BroadcastModels.swift; sourceTree = "<group>"; };
		BC01DD22EE33FF445566BB02 /* BroadcastService.swift */ = {isa = PBXFileReference; lastKnownFileType = sourcecode.swift; path = BroadcastService.swift; sourceTree = "<group>"; };
		BC01DD22EE33FF445566BB03 /* BroadcastPanelView.swift */ = {isa = PBXFileReference; lastKnownFileType = sourcecode.swift; path = BroadcastPanelView.swift; sourceTree = "<group>"; };
		BCB330C91A9BDEA760F9F330 /* PendingChannelAttachment.swift */ = {isa = PBXFileReference; includeInIndex = 1; lastKnownFileType = sourcecode.swift; path = PendingChannelAttachment.swift; sourceTree = "<group>"; };
		C0C0C0C0C0C0C0C001010002 /* ProjectWebSocket.swift */ = {isa = PBXFileReference; lastKnownFileType = sourcecode.swift; path = ProjectWebSocket.swift; sourceTree = "<group>"; };
		C0C0C0C0C0C0C0C001010004 /* ProjectPresenceViewModel.swift */ = {isa = PBXFileReference; lastKnownFileType = sourcecode.swift; path = ProjectPresenceViewModel.swift; sourceTree = "<group>"; };
		C0C0C0C0C0C0C0C001010006 /* ProjectPresenceOverlay.swift */ = {isa = PBXFileReference; lastKnownFileType = sourcecode.swift; path = ProjectPresenceOverlay.swift; sourceTree = "<group>"; };
		C0C0C0C0C0C0C0C001010008 /* PresencePillContent.swift */ = {isa = PBXFileReference; lastKnownFileType = sourcecode.swift; path = PresencePillContent.swift; sourceTree = "<group>"; };
		C52416548CAE98530BAD906E /* ChatPanelView.swift */ = {isa = PBXFileReference; lastKnownFileType = sourcecode.swift; path = ChatPanelView.swift; sourceTree = "<group>"; };
		C69396FAE1416DA6A369BBDC /* EmptyPreviewView.swift */ = {isa = PBXFileReference; includeInIndex = 1; lastKnownFileType = sourcecode.swift; path = EmptyPreviewView.swift; sourceTree = "<group>"; };
		C6D7E8F9A0B1223C4D5E6F70 /* InventoryPanelView.swift */ = {isa = PBXFileReference; lastKnownFileType = sourcecode.swift; path = InventoryPanelView.swift; sourceTree = "<group>"; };
		C91B349426CC3B8BAC1F8C8F /* OnboardingPreview.swift */ = {isa = PBXFileReference; includeInIndex = 1; lastKnownFileType = sourcecode.swift; path = OnboardingPreview.swift; sourceTree = "<group>"; };
		CC11DD22EE33FF445566DD01 /* ChannelChatViewModel.swift */ = {isa = PBXFileReference; lastKnownFileType = sourcecode.swift; path = ChannelChatViewModel.swift; sourceTree = "<group>"; };
		CC11DD22EE33FF445566DD02 /* ChannelBrowseView.swift */ = {isa = PBXFileReference; lastKnownFileType = sourcecode.swift; path = ChannelBrowseView.swift; sourceTree = "<group>"; };
		CC995D9793AD79440F7616A7 /* MatchaApp.swift */ = {isa = PBXFileReference; lastKnownFileType = sourcecode.swift; path = MatchaApp.swift; sourceTree = "<group>"; };
		CF707A5E6753C70A05A531E9 /* InboxModels.swift */ = {isa = PBXFileReference; includeInIndex = 1; lastKnownFileType = sourcecode.swift; path = InboxModels.swift; sourceTree = "<group>"; };
		DC65D71C638B8C8239D71F61 /* PresentationPreview.swift */ = {isa = PBXFileReference; includeInIndex = 1; lastKnownFileType = sourcecode.swift; path = PresentationPreview.swift; sourceTree = "<group>"; };
		DCD9DCBDB9CC47BA70B5F0FF /* PreviewPanelView.swift */ = {isa = PBXFileReference; lastKnownFileType = sourcecode.swift; path = PreviewPanelView.swift; sourceTree = "<group>"; };
		DD00EE11FF22334455770001 /* ChannelModels.swift */ = {isa = PBXFileReference; lastKnownFileType = sourcecode.swift; path = ChannelModels.swift; sourceTree = "<group>"; };
		DD00EE11FF22334455770002 /* ChannelsService.swift */ = {isa = PBXFileReference; lastKnownFileType = sourcecode.swift; path = ChannelsService.swift; sourceTree = "<group>"; };
		DD00EE11FF22334455770003 /* ChannelsWebSocket.swift */ = {isa = PBXFileReference; lastKnownFileType = sourcecode.swift; path = ChannelsWebSocket.swift; sourceTree = "<group>"; };
		DD00EE11FF22334455770004 /* ChannelsSidebarView.swift */ = {isa = PBXFileReference; lastKnownFileType = sourcecode.swift; path = ChannelsSidebarView.swift; sourceTree = "<group>"; };
		DD00EE11FF22334455770005 /* ChannelDetailView.swift */ = {isa = PBXFileReference; lastKnownFileType = sourcecode.swift; path = ChannelDetailView.swift; sourceTree = "<group>"; };
		DD00EE11FF22334455770099 /* ChannelNotificationManager.swift */ = {isa = PBXFileReference; lastKnownFileType = sourcecode.swift; path = ChannelNotificationManager.swift; sourceTree = "<group>"; };
		DD00EE11FF22334455770D11 /* InviteToChannelSheet.swift */ = {isa = PBXFileReference; lastKnownFileType = sourcecode.swift; path = InviteToChannelSheet.swift; sourceTree = "<group>"; };
		DD00EE11FF22334455770D22 /* ChannelAdminWizardView.swift */ = {isa = PBXFileReference; lastKnownFileType = sourcecode.swift; path = ChannelAdminWizardView.swift; sourceTree = "<group>"; };
		DD00EE11FF22334455770D33 /* DiscoverChannelsSheet.swift */ = {isa = PBXFileReference; lastKnownFileType = sourcecode.swift; path = DiscoverChannelsSheet.swift; sourceTree = "<group>"; };
		DDDD0E0E0E0E0E0E01010002 /* ManageMembersSheet.swift */ = {isa = PBXFileReference; lastKnownFileType = sourcecode.swift; path = ManageMembersSheet.swift; sourceTree = "<group>"; };
		DDDD0E0E0E0E0E0E01010004 /* InviteToBroadcastSheet.swift */ = {isa = PBXFileReference; lastKnownFileType = sourcecode.swift; path = InviteToBroadcastSheet.swift; sourceTree = "<group>"; };
		E21DF105CC19746BC2BF16B1 /* ProjectLayoutEnums.swift */ = {isa = PBXFileReference; includeInIndex = 1; lastKnownFileType = sourcecode.swift; path = ProjectLayoutEnums.swift; sourceTree = "<group>"; };
		E2B3C4D5F6071829A0B1C2D3 /* UsageSummaryView.swift */ = {isa = PBXFileReference; lastKnownFileType = sourcecode.swift; path = UsageSummaryView.swift; sourceTree = "<group>"; };
		E5C3CE5229A938126E840ABD /* MultipartUploadBuilder.swift */ = {isa = PBXFileReference; includeInIndex = 1; lastKnownFileType = sourcecode.swift; path = MultipartUploadBuilder.swift; sourceTree = "<group>"; };
		EE11FF2233445566BB000001 /* RecruitingPipelineView.swift */ = {isa = PBXFileReference; lastKnownFileType = sourcecode.swift; path = RecruitingPipelineView.swift; sourceTree = "<group>"; };
		EEEE0J0J0J0J0J0J01010002 /* JournalDetailViewModel.swift */ = {isa = PBXFileReference; lastKnownFileType = sourcecode.swift; path = JournalDetailViewModel.swift; sourceTree = "<group>"; };
		EEEE0J0J0J0J0J0J01010004 /* JournalListView.swift */ = {isa = PBXFileReference; lastKnownFileType = sourcecode.swift; path = JournalListView.swift; sourceTree = "<group>"; };
		EEEE0J0J0J0J0J0J01010006 /* JournalDetailView.swift */ = {isa = PBXFileReference; lastKnownFileType = sourcecode.swift; path = JournalDetailView.swift; sourceTree = "<group>"; };
		EEEE0J0J0J0J0J0J01010008 /* NewJournalSheet.swift */ = {isa = PBXFileReference; lastKnownFileType = sourcecode.swift; path = NewJournalSheet.swift; sourceTree = "<group>"; };
		EEEE0J0J0J0J0J0J0101000A /* InviteToJournalSheet.swift */ = {isa = PBXFileReference; lastKnownFileType = sourcecode.swift; path = InviteToJournalSheet.swift; sourceTree = "<group>"; };
		F2122823C3D149F37FE040CC /* ChannelMessageRowView.swift */ = {isa = PBXFileReference; includeInIndex = 1; lastKnownFileType = sourcecode.swift; path = ChannelMessageRowView.swift; sourceTree = "<group>"; };
		F2945FB0998BBD2E516955D3 /* ThreadModels.swift */ = {isa = PBXFileReference; includeInIndex = 1; lastKnownFileType = sourcecode.swift; path = ThreadModels.swift; sourceTree = "<group>"; };
		F36237057E487E8EC4E98717 /* ProjectModels.swift */ = {isa = PBXFileReference; includeInIndex = 1; lastKnownFileType = sourcecode.swift; path = ProjectModels.swift; sourceTree = "<group>"; };
		F88AB428B69CD0DC86AF1AA9 /* ThreadDetailViewModel.swift */ = {isa = PBXFileReference; lastKnownFileType = sourcecode.swift; path = ThreadDetailViewModel.swift; sourceTree = "<group>"; };
		FA53495B161A46747955400C /* ThreadListViewModel.swift */ = {isa = PBXFileReference; lastKnownFileType = sourcecode.swift; path = ThreadListViewModel.swift; sourceTree = "<group>"; };
		FAD09F509367E88989F2B765 /* StatusBadge.swift */ = {isa = PBXFileReference; lastKnownFileType = sourcecode.swift; path = StatusBadge.swift; sourceTree = "<group>"; };
		FB80201DE714C0F80F92AE17 /* JournalModels.swift */ = {isa = PBXFileReference; includeInIndex = 1; lastKnownFileType = sourcecode.swift; path = JournalModels.swift; sourceTree = "<group>"; };
		FF11223344556677BB000001 /* PeopleView.swift */ = {isa = PBXFileReference; lastKnownFileType = sourcecode.swift; path = PeopleView.swift; sourceTree = "<group>"; };
		FF4C96E6C5F0062D21DAB318 /* ChannelMessageComposer.swift */ = {isa = PBXFileReference; includeInIndex = 1; lastKnownFileType = sourcecode.swift; path = ChannelMessageComposer.swift; sourceTree = "<group>"; };
		FFFF1S1S1S1S1S1S01010002 /* ChannelStarStore.swift */ = {isa = PBXFileReference; lastKnownFileType = sourcecode.swift; path = ChannelStarStore.swift; sourceTree = "<group>"; };
		AA11BB22CC33DD44EE6600F6 /* SidebarSectionOrderStore.swift */ = {isa = PBXFileReference; lastKnownFileType = sourcecode.swift; path = SidebarSectionOrderStore.swift; sourceTree = "<group>"; };
		G1G2G3000000000000000002 /* RichJournalEditor.swift */ = {isa = PBXFileReference; lastKnownFileType = sourcecode.swift; path = RichJournalEditor.swift; sourceTree = "<group>"; };
		G1G2G3000000000000000004 /* JournalEditorToolbar.swift */ = {isa = PBXFileReference; lastKnownFileType = sourcecode.swift; path = JournalEditorToolbar.swift; sourceTree = "<group>"; };
		G1G2G3000000000000000006 /* JournalContentView.swift */ = {isa = PBXFileReference; lastKnownFileType = sourcecode.swift; path = JournalContentView.swift; sourceTree = "<group>"; };
		G1G2G3000000000000000008 /* JournalStylePopover.swift */ = {isa = PBXFileReference; lastKnownFileType = sourcecode.swift; path = JournalStylePopover.swift; sourceTree = "<group>"; };
/* End PBXFileReference section */

/* Begin PBXFrameworksBuildPhase section */
		9FC1F8270AA213F596F5FE3D /* Frameworks */ = {
			isa = PBXFrameworksBuildPhase;
			buildActionMask = 2147483647;
			files = (
				BC01DD22EE33FF445566CC01 /* LiveKit in Frameworks */,
			);
			runOnlyForDeploymentPostprocessing = 0;
		};
/* End PBXFrameworksBuildPhase section */

/* Begin PBXGroup section */
		14DA5117C9FA43B5A33BC95A /* Models */ = {
			isa = PBXGroup;
			children = (
				210A398CCEA5FA1784C2C92D /* AuthModels.swift */,
				DD00EE11FF22334455770001 /* ChannelModels.swift */,
				BC01DD22EE33FF445566BB01 /* BroadcastModels.swift */,
				A3C51065FA89EFD016D2D993 /* MatchaWork */,
			);
			path = Models;
			sourceTree = "<group>";
		};
		1E78B559816E575FC0BDB29C /* Products */ = {
			isa = PBXGroup;
			children = (
				564E3C3CDF69E05F3D1338CB /* Matcha.app */,
			);
			name = Products;
			sourceTree = "<group>";
		};
		2A3B09DBB213E1E548F63A3D /* Components */ = {
			isa = PBXGroup;
			children = (
				FAD09F509367E88989F2B765 /* StatusBadge.swift */,
				B13338371A8BC76142D4A946 /* LoadingDots.swift */,
				AA11BB22CC33DD44EE6600F5 /* ChannelToastOverlay.swift */,
			);
			path = Components;
			sourceTree = "<group>";
		};
		2EB2D8158FC6EF9EB19CB439 = {
			isa = PBXGroup;
			children = (
				A6EBBB116F8E23175474B629 /* Matcha */,
				1E78B559816E575FC0BDB29C /* Products */,
			);
			sourceTree = "<group>";
		};
		3CA3F4A0C1D5129426EB4FCB /* Services */ = {
			isa = PBXGroup;
			children = (
				87CD3FA8F0164D2F29731B2D /* KeychainHelper.swift */,
				15F1E6446AC5C08F85073A51 /* APIClient.swift */,
				696FF167B14C8BBD12958A10 /* AuthService.swift */,
				4CDEE91D105D2B702A920ED3 /* MatchaWorkService.swift */,
				AA11BB22CC33DD44EE660008 /* InboxService.swift */,
				DD00EE11FF22334455770002 /* ChannelsService.swift */,
				DD00EE11FF22334455770003 /* ChannelsWebSocket.swift */,
				DD00EE11FF22334455770099 /* ChannelNotificationManager.swift */,
				BC01DD22EE33FF445566BB02 /* BroadcastService.swift */,
				C0C0C0C0C0C0C0C001010002 /* ProjectWebSocket.swift */,
				FFFF1S1S1S1S1S1S01010002 /* ChannelStarStore.swift */,
				AA11BB22CC33DD44EE6600F6 /* SidebarSectionOrderStore.swift */,
				43B3F0299F983943AFA329D0 /* Support */,
				C5332D59C2DFE0D0F3DBF734 /* MatchaWork */,
			);
			path = Services;
			sourceTree = "<group>";
		};
		3F39F7E6D963F82CA7F10D0F /* MatchaWork */ = {
			isa = PBXGroup;
			children = (
				0B3F3B04FAEA73368120D2C4 /* ThreadListView.swift */,
				A91B82ECF6D3B416A97C8FD9 /* ThreadDetailView.swift */,
				C52416548CAE98530BAD906E /* ChatPanelView.swift */,
				3AE423DAF2E806EE77E7FB4D /* MessageBubbleView.swift */,
				DCD9DCBDB9CC47BA70B5F0FF /* PreviewPanelView.swift */,
				49C4DFA44755333D647B43C2 /* VersionHistoryView.swift */,
				1768B8AD82B9DE8709D0ADF7 /* NewThreadView.swift */,
				B9E4D71F3C825A064D17F308 /* SkillsView.swift */,
				E2B3C4D5F6071829A0B1C2D3 /* UsageSummaryView.swift */,
				A4B5C6D7E8F9011A2B3C4D5E /* ResumeBatchPanelView.swift */,
				C6D7E8F9A0B1223C4D5E6F70 /* InventoryPanelView.swift */,
				AA11BB22CC33DD44EE660002 /* ProjectListView.swift */,
				AA11BB22CC33DD44EE660003 /* ProjectDetailView.swift */,
				AA11BB22CC33DD44EE660DBB /* DisciplineWorkflowBar.swift */,
				AA11BB22CC33DD44EE660DBC /* NotificationsPopoverView.swift */,
				AA11BB22CC33DD44EE660004 /* SectionEditorView.swift */,
				AA11BB22CC33DD44EE660005 /* CollaboratorPanelView.swift */,
				AA11BB22CC33DD44EE660099 /* CollabProjectWizardView.swift */,
				AA11BB22CC33DD44EE660006 /* AgentPanelView.swift */,
				AA11BB22CC33DD44EE660007 /* ComplianceDecisionTreeView.swift */,
				EE11FF2233445566BB000001 /* RecruitingPipelineView.swift */,
				BB01CC22DD33EE44FF660001 /* NewBlogSheet.swift */,
				BB01CC22DD33EE44FF660002 /* BlogEditorView.swift */,
				BB01CC22DD33EE44FF660003 /* MarkdownPreviewView.swift */,
				AA11BB22CC33DD44EE66000B /* KanbanBoardView.swift */,
				DEADBEEF000000000000F001 /* AIComposeBar.swift */,
				DEADBEEF000000000000F002 /* AttachmentRow.swift */,
				DEADBEEF000000000000F003 /* AIDraftReview.swift */,
				DEADBEEF000000000000F004 /* TaskCompose.swift */,
				DEADBEEF000000000000F005 /* DealCompose.swift */,
				DEADBEEF000000000000F006 /* TaskEditor.swift */,
				DEADBEEF000000000000F007 /* KanbanCard.swift */,
				DEADBEEF000000000000F008 /* KanbanSearch.swift */,
				AA11BB22CC33DD44EE66000C /* ProjectFilesView.swift */,
				AA11BB22CC33DD44EE6600F1 /* AttachmentPreviewSheet.swift */,
				AA11BB22CC33DD44EE6600F2 /* TaskViewerSheet.swift */,
				AA11BB22CC33DD44EE6600F3 /* TaskHistoryTimeline.swift */,
				AA11BB22CC33DD44EE66000D /* MarkdownTextEditor.swift */,
				AA11BB22CC33DD44EE6600E1 /* TaskProgressBar.swift */,
				AA11BB22CC33DD44EE6600E2 /* HomeDashboardView.swift */,
				C0C0C0C0C0C0C0C001010006 /* ProjectPresenceOverlay.swift */,
				C0C0C0C0C0C0C0C001010008 /* PresencePillContent.swift */,
				C17C03E9AEF2444962BCA6E4 /* Previews */,
				8646470B8A128EECBD15D889 /* ProjectDetail */,
			);
			path = MatchaWork;
			sourceTree = "<group>";
		};
		42FC58810D42613300564031 /* Resources */ = {
			isa = PBXGroup;
			children = (
				043A0A515D971904874F82FA /* Assets.xcassets */,
			);
			path = Resources;
			sourceTree = "<group>";
		};
		43B3F0299F983943AFA329D0 /* Support */ = {
			isa = PBXGroup;
			children = (
				E5C3CE5229A938126E840ABD /* MultipartUploadBuilder.swift */,
				5ADDBEAEEBA9E4439ECD6181 /* ServiceCache.swift */,
			);
			name = Support;
			path = Support;
			sourceTree = "<group>";
		};
		8646470B8A128EECBD15D889 /* ProjectDetail */ = {
			isa = PBXGroup;
			children = (
				E21DF105CC19746BC2BF16B1 /* ProjectLayoutEnums.swift */,
				3737282FBC93D1C7D4F69B52 /* CollabOverviewView.swift */,
			);
			name = ProjectDetail;
			path = ProjectDetail;
			sourceTree = "<group>";
		};
		A1B2C3D4E5F60708CC000001 /* Profile */ = {
			isa = PBXGroup;
			children = (
				A1B2C3D4E5F60708BB000001 /* ProfileSheet.swift */,
			);
			path = Profile;
			sourceTree = "<group>";
		};
		A3C51065FA89EFD016D2D993 /* MatchaWork */ = {
			isa = PBXGroup;
			children = (
				6F0C8E2B8D1614829B174F9A /* CommonModels.swift */,
				F2945FB0998BBD2E516955D3 /* ThreadModels.swift */,
				F36237057E487E8EC4E98717 /* ProjectModels.swift */,
				FB80201DE714C0F80F92AE17 /* JournalModels.swift */,
				CF707A5E6753C70A05A531E9 /* InboxModels.swift */,
				B06A176992AA39C8E304EFD0 /* BillingUsageModels.swift */,
				94FBACAA706BADE04CF26DE2 /* DashboardModels.swift */,
			);
			name = MatchaWork;
			path = MatchaWork;
			sourceTree = "<group>";
		};
		A6EBBB116F8E23175474B629 /* Matcha */ = {
			isa = PBXGroup;
			children = (
				BCA3014F0DF28041826CAE33 /* App */,
				14DA5117C9FA43B5A33BC95A /* Models */,
				3CA3F4A0C1D5129426EB4FCB /* Services */,
				CF8DC11AF90E58CD0A66CCB7 /* ViewModels */,
				D4D70C04C5C45B4D7F098D3A /* Views */,
				42FC58810D42613300564031 /* Resources */,
			);
			path = Matcha;
			sourceTree = "<group>";
		};
		AA11BB22CC33DD44EE770001 /* Inbox */ = {
			isa = PBXGroup;
			children = (
				AA11BB22CC33DD44EE660009 /* InboxView.swift */,
				AA11BB22CC33DD44EE66000A /* InboxComposeView.swift */,
			);
			path = Inbox;
			sourceTree = "<group>";
		};
		BCA3014F0DF28041826CAE33 /* App */ = {
			isa = PBXGroup;
			children = (
				CC995D9793AD79440F7616A7 /* MatchaApp.swift */,
				88DD03E26D63AB66B7AF4B39 /* AppState.swift */,
				9A53863E4FE1105A953775B9 /* ContentView.swift */,
				DETA11PANE000000000000F2 /* DetailPanes.swift */,
				AD198140CC378D9E843FA827 /* Color+Extensions.swift */,
			);
			path = App;
			sourceTree = "<group>";
		};
		C17C03E9AEF2444962BCA6E4 /* Previews */ = {
			isa = PBXGroup;
			children = (
				6F6C8A43CDE8687F6B34C2BB /* OfferLetterPreview.swift */,
				0FAD57D16922818CB8ECD1BE /* ReviewPreview.swift */,
				28F1337BB8013FD3C4C0366C /* WorkbookPreview.swift */,
				DC65D71C638B8C8239D71F61 /* PresentationPreview.swift */,
				72F0FDE017AA63842A64DD61 /* HandbookPreview.swift */,
				C91B349426CC3B8BAC1F8C8F /* OnboardingPreview.swift */,
				C69396FAE1416DA6A369BBDC /* EmptyPreviewView.swift */,
			);
			name = Previews;
			path = Previews;
			sourceTree = "<group>";
		};
		C5332D59C2DFE0D0F3DBF734 /* MatchaWork */ = {
			isa = PBXGroup;
			children = (
				73F38747B7DF91D0B1AD3216 /* JournalService.swift */,
			);
			name = MatchaWork;
			path = MatchaWork;
			sourceTree = "<group>";
		};
		CB1861633F56B0B081A83870 /* Login */ = {
			isa = PBXGroup;
			children = (
				A7C07C71E59F24539F32D490 /* LoginView.swift */,
			);
			path = Login;
			sourceTree = "<group>";
		};
		CF8DC11AF90E58CD0A66CCB7 /* ViewModels */ = {
			isa = PBXGroup;
			children = (
				0B03E99B58F986725B43CD7A /* AuthViewModel.swift */,
				FA53495B161A46747955400C /* ThreadListViewModel.swift */,
				F88AB428B69CD0DC86AF1AA9 /* ThreadDetailViewModel.swift */,
				AA11BB22CC33DD44EE660001 /* ProjectDetailViewModel.swift */,
				C0C0C0C0C0C0C0C001010004 /* ProjectPresenceViewModel.swift */,
				EEEE0J0J0J0J0J0J01010002 /* JournalDetailViewModel.swift */,
				CC11DD22EE33FF445566DD01 /* ChannelChatViewModel.swift */,
			);
			path = ViewModels;
			sourceTree = "<group>";
		};
		D4D70C04C5C45B4D7F098D3A /* Views */ = {
			isa = PBXGroup;
			children = (
				CB1861633F56B0B081A83870 /* Login */,
				3F39F7E6D963F82CA7F10D0F /* MatchaWork */,
				AA11BB22CC33DD44EE770001 /* Inbox */,
				DD00EE11FF22334455880001 /* Channels */,
				EEEE0J0J0J0J0J0J0101000B /* Journals */,
				FF11223344556677CC000001 /* People */,
				A1B2C3D4E5F60708CC000001 /* Profile */,
				2A3B09DBB213E1E548F63A3D /* Components */,
				AA11BB22CC33DD44EE6600F4 /* SettingsView.swift */,
			);
			path = Views;
			sourceTree = "<group>";
		};
		DD00EE11FF22334455880001 /* Channels */ = {
			isa = PBXGroup;
			children = (
				DD00EE11FF22334455770004 /* ChannelsSidebarView.swift */,
				DD00EE11FF22334455770005 /* ChannelDetailView.swift */,
				CC11DD22EE33FF445566DD02 /* ChannelBrowseView.swift */,
				DD00EE11FF22334455770D11 /* InviteToChannelSheet.swift */,
				DD00EE11FF22334455770D22 /* ChannelAdminWizardView.swift */,
				DD00EE11FF22334455770D33 /* DiscoverChannelsSheet.swift */,
				BC01DD22EE33FF445566BB03 /* BroadcastPanelView.swift */,
				DDDD0E0E0E0E0E0E01010002 /* ManageMembersSheet.swift */,
				DDDD0E0E0E0E0E0E01010004 /* InviteToBroadcastSheet.swift */,
				BCB330C91A9BDEA760F9F330 /* PendingChannelAttachment.swift */,
				F2122823C3D149F37FE040CC /* ChannelMessageRowView.swift */,
				FF4C96E6C5F0062D21DAB318 /* ChannelMessageComposer.swift */,
			);
			path = Channels;
			sourceTree = "<group>";
		};
		EEEE0J0J0J0J0J0J0101000B /* Journals */ = {
			isa = PBXGroup;
			children = (
				EEEE0J0J0J0J0J0J01010004 /* JournalListView.swift */,
				EEEE0J0J0J0J0J0J01010006 /* JournalDetailView.swift */,
				EEEE0J0J0J0J0J0J01010008 /* NewJournalSheet.swift */,
				EEEE0J0J0J0J0J0J0101000A /* InviteToJournalSheet.swift */,
				G1G2G3000000000000000002 /* RichJournalEditor.swift */,
				G1G2G3000000000000000004 /* JournalEditorToolbar.swift */,
				G1G2G3000000000000000006 /* JournalContentView.swift */,
				G1G2G3000000000000000008 /* JournalStylePopover.swift */,
			);
			path = Journals;
			sourceTree = "<group>";
		};
		FF11223344556677CC000001 /* People */ = {
			isa = PBXGroup;
			children = (
				FF11223344556677BB000001 /* PeopleView.swift */,
			);
			path = People;
			sourceTree = "<group>";
		};
/* End PBXGroup section */

/* Begin PBXNativeTarget section */
		EAD6E01D8FE688AA86861CC7 /* Matcha */ = {
			isa = PBXNativeTarget;
			buildConfigurationList = E31BA15CC04B0F0B923553D1 /* Build configuration list for PBXNativeTarget "Matcha" */;
			buildPhases = (
				E47C533713C9438D057D26E1 /* Sources */,
				9FC1F8270AA213F596F5FE3D /* Frameworks */,
				05AE05B62C255B9A1ABCA2D7 /* Resources */,
				BC01DD22EE33FF445566FF01 /* Embed LiveKit XCFrameworks */,
			);
			buildRules = (
			);
			dependencies = (
			);
			name = Matcha;
			packageProductDependencies = (
				BC01DD22EE33FF445566DD01 /* LiveKit */,
			);
			productName = Matcha;
			productReference = 564E3C3CDF69E05F3D1338CB /* Matcha.app */;
			productType = "com.apple.product-type.application";
		};
/* End PBXNativeTarget section */

/* Begin PBXProject section */
		9E88446A3F44B57E975BE17B /* Project object */ = {
			isa = PBXProject;
			attributes = {
				BuildIndependentTargetsInParallel = 1;
				LastSwiftUpdateCheck = 1500;
				LastUpgradeCheck = 1500;
				TargetAttributes = {
					EAD6E01D8FE688AA86861CC7 = {
						CreatedOnToolsVersion = 15.0;
					};
				};
			};
			buildConfigurationList = 314425BAD361EE8153704C56 /* Build configuration list for PBXProject "Matcha" */;
			compatibilityVersion = "Xcode 14.0";
			developmentRegion = en;
			hasScannedForEncodings = 0;
			knownRegions = (
				en,
				Base,
			);
			mainGroup = 2EB2D8158FC6EF9EB19CB439;
			packageReferences = (
				BC01DD22EE33FF445566EE01 /* XCRemoteSwiftPackageReference "client-sdk-swift" */,
			);
			productRefGroup = 1E78B559816E575FC0BDB29C /* Products */;
			projectDirPath = "";
			projectRoot = "";
			targets = (
				EAD6E01D8FE688AA86861CC7 /* Matcha */,
			);
		};
/* End PBXProject section */

/* Begin PBXResourcesBuildPhase section */
		05AE05B62C255B9A1ABCA2D7 /* Resources */ = {
			isa = PBXResourcesBuildPhase;
			buildActionMask = 2147483647;
			files = (
				84947A5F80A1EC7B15C1B8E9 /* Assets.xcassets in Resources */,
			);
			runOnlyForDeploymentPostprocessing = 0;
		};
/* End PBXResourcesBuildPhase section */

/* Begin PBXShellScriptBuildPhase section */
		BC01DD22EE33FF445566FF01 /* Embed LiveKit XCFrameworks */ = {
			isa = PBXShellScriptBuildPhase;
			buildActionMask = 2147483647;
			files = (
			);
			inputPaths = (
			);
			name = "Embed LiveKit XCFrameworks";
			outputPaths = (
			);
			runOnlyForDeploymentPostprocessing = 0;
			shellPath = /bin/bash;
			shellScript = "set -e\n# SwiftPM auto-embeds LiveKit binary XCFrameworks now that the package\n# product is in the target's Frameworks build phase. We only need to\n# extract stub dSYMs (LiveKit XCFrameworks ship without them) so that\n# App Store Connect's symbol upload doesn't warn.\nDST=\"${TARGET_BUILD_DIR}/${FRAMEWORKS_FOLDER_PATH}\"\nDSYM_DST=\"${DWARF_DSYM_FOLDER_PATH:-$BUILT_PRODUCTS_DIR}\"\nmkdir -p \"$DSYM_DST\"\nfor fw in LiveKitWebRTC RustLiveKitUniFFI LiveKitUniFFI; do\n  BIN=\"$DST/$fw.framework/Versions/A/$fw\"\n  [ -f \"$BIN\" ] || BIN=\"$DST/$fw.framework/$fw\"\n  if [ -f \"$BIN\" ]; then\n    dsymutil \"$BIN\" -o \"$DSYM_DST/$fw.framework.dSYM\" 2>/dev/null || true\n  fi\ndone\n";
		};
/* End PBXShellScriptBuildPhase section */

/* Begin PBXSourcesBuildPhase section */
		E47C533713C9438D057D26E1 /* Sources */ = {
			isa = PBXSourcesBuildPhase;
			buildActionMask = 2147483647;
			files = (
				B2C7DB8AE33E886529C5BF99 /* MatchaApp.swift in Sources */,
				A8B0E4F8719EE4B839FFBCBC /* AppState.swift in Sources */,
				27D89F55D2042BB60126C2E5 /* ContentView.swift in Sources */,
				DETA11PANE000000000000B1 /* DetailPanes.swift in Sources */,
				E6875027B0F5CBDE47D488EF /* Color+Extensions.swift in Sources */,
				1FEDFFD4BC1C7F59E9CFD687 /* AuthModels.swift in Sources */,
				29E4BDC2148FC96D831C7A74 /* KeychainHelper.swift in Sources */,
				E5454454BDC033D4A00E1FFC /* APIClient.swift in Sources */,
				0CBD0CD62319C7801E72CE1A /* AuthService.swift in Sources */,
				1544DF6ADC7DC9778A60BEA8 /* MatchaWorkService.swift in Sources */,
				1896C192062FDFA5D66338DF /* AuthViewModel.swift in Sources */,
				FADFA74F8E449B203A55B306 /* ThreadListViewModel.swift in Sources */,
				EC4ABAA381C7E136838EDD09 /* ThreadDetailViewModel.swift in Sources */,
				4AE084C390D04987CC53601E /* LoginView.swift in Sources */,
				C77BADBAE54E04005E00E518 /* ThreadListView.swift in Sources */,
				36EE1D8AC492F24143BFEEBD /* ThreadDetailView.swift in Sources */,
				788DF3AB085B3D15F4231730 /* ChatPanelView.swift in Sources */,
				E8EB21EC67FE2F741A8AEA6A /* MessageBubbleView.swift in Sources */,
				FC22CC98585FB00D59E39358 /* PreviewPanelView.swift in Sources */,
				1BFFF9E1D881752A67CF8777 /* VersionHistoryView.swift in Sources */,
				48C216A1C92E1717B236961D /* NewThreadView.swift in Sources */,
				A7F2C319E8B045D16F3CA982 /* SkillsView.swift in Sources */,
				D1A2B3C4E5F60718A9B0C1D2 /* UsageSummaryView.swift in Sources */,
				F3A4B5C6D7E8091A2B3C4D5E /* ResumeBatchPanelView.swift in Sources */,
				B5C6D7E8F9A0112B3C4D5E6F /* InventoryPanelView.swift in Sources */,
				AA11BB22CC33DD44EE550001 /* ProjectDetailViewModel.swift in Sources */,
				AA11BB22CC33DD44EE550002 /* ProjectListView.swift in Sources */,
				AA11BB22CC33DD44EE550003 /* ProjectDetailView.swift in Sources */,
				AA11BB22CC33DD44EE550DBB /* DisciplineWorkflowBar.swift in Sources */,
				AA11BB22CC33DD44EE550DBC /* NotificationsPopoverView.swift in Sources */,
				AA11BB22CC33DD44EE550004 /* SectionEditorView.swift in Sources */,
				AA11BB22CC33DD44EE550005 /* CollaboratorPanelView.swift in Sources */,
				AA11BB22CC33DD44EE550099 /* CollabProjectWizardView.swift in Sources */,
				AA11BB22CC33DD44EE550006 /* AgentPanelView.swift in Sources */,
				AA11BB22CC33DD44EE550007 /* ComplianceDecisionTreeView.swift in Sources */,
				AA11BB22CC33DD44EE550008 /* InboxService.swift in Sources */,
				AA11BB22CC33DD44EE550009 /* InboxView.swift in Sources */,
				AA11BB22CC33DD44EE55000A /* InboxComposeView.swift in Sources */,
				AA11BB22CC33DD44EE55000B /* KanbanBoardView.swift in Sources */,
				DEADBEEF000000000000B001 /* AIComposeBar.swift in Sources */,
				DEADBEEF000000000000B002 /* AttachmentRow.swift in Sources */,
				DEADBEEF000000000000B003 /* AIDraftReview.swift in Sources */,
				DEADBEEF000000000000B004 /* TaskCompose.swift in Sources */,
				DEADBEEF000000000000B005 /* DealCompose.swift in Sources */,
				DEADBEEF000000000000B006 /* TaskEditor.swift in Sources */,
				DEADBEEF000000000000B007 /* KanbanCard.swift in Sources */,
				DEADBEEF000000000000B008 /* KanbanSearch.swift in Sources */,
				AA11BB22CC33DD44EE55000C /* ProjectFilesView.swift in Sources */,
				AA11BB22CC33DD44EE5500F1 /* AttachmentPreviewSheet.swift in Sources */,
				AA11BB22CC33DD44EE5500F2 /* TaskViewerSheet.swift in Sources */,
				AA11BB22CC33DD44EE5500F3 /* TaskHistoryTimeline.swift in Sources */,
				AA11BB22CC33DD44EE5500F4 /* SettingsView.swift in Sources */,
				AA11BB22CC33DD44EE5500F5 /* ChannelToastOverlay.swift in Sources */,
				AA11BB22CC33DD44EE55000D /* MarkdownTextEditor.swift in Sources */,
				AA11BB22CC33DD44EE5500E1 /* TaskProgressBar.swift in Sources */,
				AA11BB22CC33DD44EE5500E2 /* HomeDashboardView.swift in Sources */,
				DD00EE11FF22334455660001 /* ChannelModels.swift in Sources */,
				DD00EE11FF22334455660002 /* ChannelsService.swift in Sources */,
				DD00EE11FF22334455660003 /* ChannelsWebSocket.swift in Sources */,
				DD00EE11FF22334455660099 /* ChannelNotificationManager.swift in Sources */,
				DD00EE11FF22334455660004 /* ChannelsSidebarView.swift in Sources */,
				DD00EE11FF22334455660005 /* ChannelDetailView.swift in Sources */,
				CC11DD22EE33FF445566CC02 /* ChannelBrowseView.swift in Sources */,
				DD00EE11FF22334455660D11 /* InviteToChannelSheet.swift in Sources */,
				DD00EE11FF22334455660D22 /* ChannelAdminWizardView.swift in Sources */,
				DD00EE11FF22334455660D33 /* DiscoverChannelsSheet.swift in Sources */,
				BC01DD22EE33FF445566AA01 /* BroadcastModels.swift in Sources */,
				BC01DD22EE33FF445566AA02 /* BroadcastService.swift in Sources */,
				BC01DD22EE33FF445566AA03 /* BroadcastPanelView.swift in Sources */,
				EE11FF2233445566AA000001 /* RecruitingPipelineView.swift in Sources */,
				BB01CC22DD33EE44FF550001 /* NewBlogSheet.swift in Sources */,
				BB01CC22DD33EE44FF550002 /* BlogEditorView.swift in Sources */,
				BB01CC22DD33EE44FF550003 /* MarkdownPreviewView.swift in Sources */,
				FF11223344556677AA000001 /* PeopleView.swift in Sources */,
				A1B2C3D4E5F60708AA000001 /* ProfileSheet.swift in Sources */,
				59E0948E7E02B420F0B7B103 /* StatusBadge.swift in Sources */,
				208F703F48307B35717A911B /* LoadingDots.swift in Sources */,
				C0C0C0C0C0C0C0C001010001 /* ProjectWebSocket.swift in Sources */,
				C0C0C0C0C0C0C0C001010003 /* ProjectPresenceViewModel.swift in Sources */,
				C0C0C0C0C0C0C0C001010005 /* ProjectPresenceOverlay.swift in Sources */,
				C0C0C0C0C0C0C0C001010007 /* PresencePillContent.swift in Sources */,
				DDDD0E0E0E0E0E0E01010001 /* ManageMembersSheet.swift in Sources */,
				DDDD0E0E0E0E0E0E01010003 /* InviteToBroadcastSheet.swift in Sources */,
				EEEE0J0J0J0J0J0J01010001 /* JournalDetailViewModel.swift in Sources */,
				CC11DD22EE33FF445566CC01 /* ChannelChatViewModel.swift in Sources */,
				EEEE0J0J0J0J0J0J01010003 /* JournalListView.swift in Sources */,
				EEEE0J0J0J0J0J0J01010005 /* JournalDetailView.swift in Sources */,
				EEEE0J0J0J0J0J0J01010007 /* NewJournalSheet.swift in Sources */,
				EEEE0J0J0J0J0J0J01010009 /* InviteToJournalSheet.swift in Sources */,
				FFFF1S1S1S1S1S1S01010001 /* ChannelStarStore.swift in Sources */,
				AA11BB22CC33DD44EE5500F6 /* SidebarSectionOrderStore.swift in Sources */,
				G1G2G3000000000000000001 /* RichJournalEditor.swift in Sources */,
				G1G2G3000000000000000003 /* JournalEditorToolbar.swift in Sources */,
				G1G2G3000000000000000005 /* JournalContentView.swift in Sources */,
				G1G2G3000000000000000007 /* JournalStylePopover.swift in Sources */,
				0F5C621C255ED1D1ED92354A /* CommonModels.swift in Sources */,
				8E5D6EC70EEDBE08AE76BDEA /* ThreadModels.swift in Sources */,
				6F4D96E081CDF78AEAF3362F /* ProjectModels.swift in Sources */,
				DD343056F054F8BDBF544DE9 /* JournalModels.swift in Sources */,
				EA919C72C6BC11E7284A0819 /* InboxModels.swift in Sources */,
				8563D547DEF316259DBF144C /* BillingUsageModels.swift in Sources */,
				A31D7A9BF3074252D07F87A8 /* DashboardModels.swift in Sources */,
				B55E9EBE356E2355C423AF35 /* OfferLetterPreview.swift in Sources */,
				C02BB2F46D45FC99FA9D687C /* ReviewPreview.swift in Sources */,
				D014E746179379BF6C5E42D5 /* WorkbookPreview.swift in Sources */,
				2200E28DD83F146D6E9B397B /* PresentationPreview.swift in Sources */,
				13EAEBAAAC7381CA06D71B4A /* HandbookPreview.swift in Sources */,
				DE731D126A1289244FB208C3 /* OnboardingPreview.swift in Sources */,
				046A3081C9F9A8E486713901 /* EmptyPreviewView.swift in Sources */,
				EF490FCC7A73D9DD090B6E9D /* PendingChannelAttachment.swift in Sources */,
				79C8F2CC973CDDC430211240 /* ChannelMessageRowView.swift in Sources */,
				AB82F80A190A3ABAA475142E /* ChannelMessageComposer.swift in Sources */,
				15E1BD123DCD5C4F06029703 /* ProjectLayoutEnums.swift in Sources */,
				CD8E2AC8C71F4565B14885A3 /* CollabOverviewView.swift in Sources */,
				2F0C483E53DBB74921718596 /* MultipartUploadBuilder.swift in Sources */,
				D4A29278ECC3366A13089D39 /* ServiceCache.swift in Sources */,
				35A88FEB1B7D4BDCB23DE5F5 /* JournalService.swift in Sources */,
			);
			runOnlyForDeploymentPostprocessing = 0;
		};
/* End PBXSourcesBuildPhase section */

/* Begin XCBuildConfiguration section */
		06638E962A6E8E2ACAE332C2 /* Debug */ = {
			isa = XCBuildConfiguration;
			buildSettings = {
				ALWAYS_SEARCH_USER_PATHS = NO;
				CLANG_ENABLE_MODULES = YES;
				CLANG_ENABLE_OBJC_ARC = YES;
				COPY_PHASE_STRIP = NO;
				DEBUG_INFORMATION_FORMAT = dwarf;
				ENABLE_TESTABILITY = YES;
				GCC_OPTIMIZATION_LEVEL = 0;
				GCC_PREPROCESSOR_DEFINITIONS = (
					"DEBUG=1",
					"$(inherited)",
				);
				MACOSX_DEPLOYMENT_TARGET = 14.0;
				ONLY_ACTIVE_ARCH = YES;
				SDKROOT = macosx;
				SWIFT_ACTIVE_COMPILATION_CONDITIONS = DEBUG;
				SWIFT_OPTIMIZATION_LEVEL = "-Onone";
			};
			name = Debug;
		};
		9F8E5B827E07885EFAD454FC /* Release */ = {
			isa = XCBuildConfiguration;
			buildSettings = {
				ASSETCATALOG_COMPILER_APPICON_NAME = AppIcon;
				ASSETCATALOG_COMPILER_GLOBAL_ACCENT_COLOR_NAME = AccentColor;
				CODE_SIGN_ALLOW_ENTITLEMENTS_MODIFICATION = YES;
				CODE_SIGN_ENTITLEMENTS = Matcha/Matcha.entitlements;
				CODE_SIGN_STYLE = Automatic;
				COMBINE_HIDPI_IMAGES = YES;
				CURRENT_PROJECT_VERSION = 82;
				DEVELOPMENT_TEAM = 5D6TJVCPBK;
				ENABLE_HARDENED_RUNTIME = YES;
				GENERATE_INFOPLIST_FILE = YES;
				INFOPLIST_KEY_LSApplicationCategoryType = "public.app-category.business";
				INFOPLIST_KEY_NSCameraUsageDescription = "Matcha uses your camera for live video broadcasts in channels.";
				INFOPLIST_KEY_NSHumanReadableCopyright = "";
				INFOPLIST_KEY_NSMicrophoneUsageDescription = "Matcha uses your microphone for live broadcasts and voice in channels.";
				INFOPLIST_KEY_NSPrincipalClass = NSApplication;
				LD_RUNPATH_SEARCH_PATHS = (
					"$(inherited)",
					"@executable_path/../Frameworks",
				);
				MACOSX_DEPLOYMENT_TARGET = 14.0;
				MARKETING_VERSION = 1.0;
				PRODUCT_BUNDLE_IDENTIFIER = com.matchawork.app;
				PRODUCT_NAME = "$(TARGET_NAME)";
				SDKROOT = macosx;
				SWIFT_EMIT_LOC_STRINGS = YES;
				SWIFT_VERSION = 5.0;
			};
			name = Release;
		};
		BF26485C9BD55CCDFED10BBB /* Release */ = {
			isa = XCBuildConfiguration;
			buildSettings = {
				ALWAYS_SEARCH_USER_PATHS = NO;
				CLANG_ENABLE_MODULES = YES;
				CLANG_ENABLE_OBJC_ARC = YES;
				DEBUG_INFORMATION_FORMAT = "dwarf-with-dsym";
				MACOSX_DEPLOYMENT_TARGET = 14.0;
				SDKROOT = macosx;
				SWIFT_COMPILATION_MODE = wholemodule;
			};
			name = Release;
		};
		C6F7D77CFEE3F3714426E427 /* Debug */ = {
			isa = XCBuildConfiguration;
			buildSettings = {
				ASSETCATALOG_COMPILER_APPICON_NAME = AppIcon;
				ASSETCATALOG_COMPILER_GLOBAL_ACCENT_COLOR_NAME = AccentColor;
				CODE_SIGN_ALLOW_ENTITLEMENTS_MODIFICATION = YES;
				CODE_SIGN_ENTITLEMENTS = Matcha/Matcha.entitlements;
				CODE_SIGN_STYLE = Automatic;
				COMBINE_HIDPI_IMAGES = YES;
				CURRENT_PROJECT_VERSION = 82;
				DEVELOPMENT_TEAM = 5D6TJVCPBK;
				ENABLE_HARDENED_RUNTIME = YES;
				GENERATE_INFOPLIST_FILE = YES;
				INFOPLIST_KEY_LSApplicationCategoryType = "public.app-category.business";
				INFOPLIST_KEY_NSCameraUsageDescription = "Matcha uses your camera for live video broadcasts in channels.";
				INFOPLIST_KEY_NSHumanReadableCopyright = "";
				INFOPLIST_KEY_NSMicrophoneUsageDescription = "Matcha uses your microphone for live broadcasts and voice in channels.";
				INFOPLIST_KEY_NSPrincipalClass = NSApplication;
				LD_RUNPATH_SEARCH_PATHS = (
					"$(inherited)",
					"@executable_path/../Frameworks",
				);
				MACOSX_DEPLOYMENT_TARGET = 14.0;
				MARKETING_VERSION = 1.0;
				PRODUCT_BUNDLE_IDENTIFIER = com.matchawork.app;
				PRODUCT_NAME = "$(TARGET_NAME)";
				SDKROOT = macosx;
				SWIFT_EMIT_LOC_STRINGS = YES;
				SWIFT_VERSION = 5.0;
			};
			name = Debug;
		};
/* End XCBuildConfiguration section */

/* Begin XCConfigurationList section */
		314425BAD361EE8153704C56 /* Build configuration list for PBXProject "Matcha" */ = {
			isa = XCConfigurationList;
			buildConfigurations = (
				06638E962A6E8E2ACAE332C2 /* Debug */,
				BF26485C9BD55CCDFED10BBB /* Release */,
			);
			defaultConfigurationIsVisible = 0;
			defaultConfigurationName = Release;
		};
		E31BA15CC04B0F0B923553D1 /* Build configuration list for PBXNativeTarget "Matcha" */ = {
			isa = XCConfigurationList;
			buildConfigurations = (
				C6F7D77CFEE3F3714426E427 /* Debug */,
				9F8E5B827E07885EFAD454FC /* Release */,
			);
			defaultConfigurationIsVisible = 0;
			defaultConfigurationName = Release;
		};
/* End XCConfigurationList section */

/* Begin XCRemoteSwiftPackageReference section */
		BC01DD22EE33FF445566EE01 /* XCRemoteSwiftPackageReference "client-sdk-swift" */ = {
			isa = XCRemoteSwiftPackageReference;
			repositoryURL = "https://github.com/livekit/client-sdk-swift";
			requirement = {
				kind = upToNextMajorVersion;
				minimumVersion = 2.0.0;
			};
		};
/* End XCRemoteSwiftPackageReference section */

/* Begin XCSwiftPackageProductDependency section */
		BC01DD22EE33FF445566DD01 /* LiveKit */ = {
			isa = XCSwiftPackageProductDependency;
			package = BC01DD22EE33FF445566EE01 /* XCRemoteSwiftPackageReference "client-sdk-swift" */;
			productName = LiveKit;
		};
/* End XCSwiftPackageProductDependency section */
	};
	rootObject = 9E88446A3F44B57E975BE17B /* Project object */;
}
