// !$*UTF8*$!
{
	archiveVersion = 1;
	classes = {
	};
	objectVersion = 77;
	objects = {

/* Begin PBXBuildFile section */
		0485A6C45EFB00C6C8701547 /* ManageView.swift in Sources */ = {isa = PBXBuildFile; fileRef = CE7209F5C2D77D2876B2A846 /* ManageView.swift */; };
		06DD2FA70E10B7FE9D35BEE9 /* ScheduleConflict.swift in Sources */ = {isa = PBXBuildFile; fileRef = EC1B48B8A693059D55BD81B5 /* ScheduleConflict.swift */; };
		0851C3C39947EADF3385ED73 /* Inter-LICENSE.txt in Resources */ = {isa = PBXBuildFile; fileRef = 4C7ECE6100500F49F552054C /* Inter-LICENSE.txt */; };
		0B01F896983393BA4D469B64 /* KeychainHelper.swift in Sources */ = {isa = PBXBuildFile; fileRef = 58A3F3145F2D4137F9BA74D5 /* KeychainHelper.swift */; };
		0C8CD7B50BF7B10EFD2CB6CB /* Inter-Medium.ttf in Resources */ = {isa = PBXBuildFile; fileRef = EB277320255AAD980BFF9CB9 /* Inter-Medium.ttf */; };
		0CAFBC737C5AD9733725C37E /* Components.swift in Sources */ = {isa = PBXBuildFile; fileRef = DF581A196AD55E4BA8F6871E /* Components.swift */; };
		0E3E9B927CF4C9992B50F27E /* Inter-Bold.ttf in Resources */ = {isa = PBXBuildFile; fileRef = E945DCDFCA50121104255556 /* Inter-Bold.ttf */; };
		0E3F1E08A4BA29DA186CDB91 /* MatchaScheduleApp.swift in Sources */ = {isa = PBXBuildFile; fileRef = D1CF8B522EA2D2F2543AF7CB /* MatchaScheduleApp.swift */; };
		10FBFD916EE62807FD1CF13E /* PushRoute.swift in Sources */ = {isa = PBXBuildFile; fileRef = 6828BF38DB7DFAD1E815F026 /* PushRoute.swift */; };
		16B07C5C2BD2D9EB82F66267 /* RequestComposerView.swift in Sources */ = {isa = PBXBuildFile; fileRef = B3D883AD700B1C04E6318C7C /* RequestComposerView.swift */; };
		17907A20901391E60AB9362D /* NotificationService.swift in Sources */ = {isa = PBXBuildFile; fileRef = EC43779BD5750AB6E945923F /* NotificationService.swift */; };
		19D84FCBF9FC6996C3174B07 /* RequestsView.swift in Sources */ = {isa = PBXBuildFile; fileRef = CF80A95E56B313401DE5B3D1 /* RequestsView.swift */; };
		26AC01D3C0FD51A9AEC58B66 /* PTOView.swift in Sources */ = {isa = PBXBuildFile; fileRef = E7B75ECDFA3E24D1DC85A598 /* PTOView.swift */; };
		2C03471218EFFDC7E24642FE /* ForceRetry.swift in Sources */ = {isa = PBXBuildFile; fileRef = 865F95F8AC673FDB7B78B7C8 /* ForceRetry.swift */; };
		2EBFDDB84BA7EE62B29951AB /* RequestService.swift in Sources */ = {isa = PBXBuildFile; fileRef = B48BF7C4B0A46EFE21ABD68A /* RequestService.swift */; };
		31197A9A9C54A4B9CEEAAB2B /* AvailabilityView.swift in Sources */ = {isa = PBXBuildFile; fileRef = 26E9D449F241F249F5826E0E /* AvailabilityView.swift */; };
		3B00B9371288609C0C886355 /* ScheduleView.swift in Sources */ = {isa = PBXBuildFile; fileRef = 80E7CCF2D9D4B698052CA3E8 /* ScheduleView.swift */; };
		4183F71C231F5E6D16956B96 /* DMSupport.swift in Sources */ = {isa = PBXBuildFile; fileRef = F15A19AF0CB37E648B38FD85 /* DMSupport.swift */; };
		4505A1B0E9349C045EF554A8 /* APIClient.swift in Sources */ = {isa = PBXBuildFile; fileRef = A0C87701129671EC6F55AD55 /* APIClient.swift */; };
		455ED0BF69F5F4279DD616EF /* InboxListView.swift in Sources */ = {isa = PBXBuildFile; fileRef = B5F8514F4759EC3E21FA6C55 /* InboxListView.swift */; };
		491E5850F468AB12F1BB6D97 /* InterDisplay-SemiBold.ttf in Resources */ = {isa = PBXBuildFile; fileRef = 67EC7DA08FE4C15968DFEDD6 /* InterDisplay-SemiBold.ttf */; };
		4A8AF159E08EB2BAE7C83F14 /* InboxModels.swift in Sources */ = {isa = PBXBuildFile; fileRef = EEB4B3BFC7FB985B1E9B4CD2 /* InboxModels.swift */; };
		4BB98E7AB8DE2AFFBDBA9623 /* NotificationModels.swift in Sources */ = {isa = PBXBuildFile; fileRef = 79A260A3246CB07905538A7F /* NotificationModels.swift */; };
		4C1CA17B983939232B71141A /* DMThreadView.swift in Sources */ = {isa = PBXBuildFile; fileRef = 0F3F236B34A9A17D4B76E97D /* DMThreadView.swift */; };
		623A6EFDB5EAA55F21E5EA69 /* ManagerTests.swift in Sources */ = {isa = PBXBuildFile; fileRef = A4B071AAD4DA34764CDC8C2A /* ManagerTests.swift */; };
		66AC6BEEAF5FEE5EB6666695 /* HuumeTests.swift in Sources */ = {isa = PBXBuildFile; fileRef = 2604F4F47F75DE4F87359AC9 /* HuumeTests.swift */; };
		6812715DC9BC07E55C5BC91E /* HuumeService.swift in Sources */ = {isa = PBXBuildFile; fileRef = 4205437C27822B5B40260871 /* HuumeService.swift */; };
		6C7CA8E10A30F3E497E37E70 /* PrivacyInfo.xcprivacy in Resources */ = {isa = PBXBuildFile; fileRef = CB640D4E6F379D709914C1C1 /* PrivacyInfo.xcprivacy */; };
		6EEF49625842516E828C5A6D /* RequestModels.swift in Sources */ = {isa = PBXBuildFile; fileRef = 61233741E1D808A3F43DD962 /* RequestModels.swift */; };
		7E6AACC62DFEBA440FA467A3 /* ApprovalsView.swift in Sources */ = {isa = PBXBuildFile; fileRef = 43948B61CED2C3983AFE2ABC /* ApprovalsView.swift */; };
		7FCBE25D865BFC1284220408 /* HuumeChatView.swift in Sources */ = {isa = PBXBuildFile; fileRef = 4C52F2C228F339EB85028AFF /* HuumeChatView.swift */; };
		80E55D45DEE7F652CA9190E9 /* ManagerShiftDetailView.swift in Sources */ = {isa = PBXBuildFile; fileRef = 958E0EBE9E78FFC8FCEA7C33 /* ManagerShiftDetailView.swift */; };
		8283027B36FC7CA971E5B5A2 /* Assets.xcassets in Resources */ = {isa = PBXBuildFile; fileRef = F925A0959D4FA48F5B0026D2 /* Assets.xcassets */; };
		83DCE3D4B76832F007122D21 /* AppState.swift in Sources */ = {isa = PBXBuildFile; fileRef = A44EF64C867999991140704A /* AppState.swift */; };
		8F9D2E87E83C03BED201CC9D /* PushService.swift in Sources */ = {isa = PBXBuildFile; fileRef = C0213CDEF3C908EC5C3FBB8C /* PushService.swift */; };
		9215B940EEF70FC8EEC5B636 /* ScheduleService.swift in Sources */ = {isa = PBXBuildFile; fileRef = DC0BB06032FCAD9FC2202ABA /* ScheduleService.swift */; };
		981C7F60BEDFC586688BA89A /* AppDelegate.swift in Sources */ = {isa = PBXBuildFile; fileRef = 4382AFA453AC7672B4017239 /* AppDelegate.swift */; };
		9BF39CDE3387D6116DC7730F /* Theme.swift in Sources */ = {isa = PBXBuildFile; fileRef = 5A8DE49ED689FBD823C0DD38 /* Theme.swift */; };
		A052778B5CE08963BBA127CC /* Inter-Regular.ttf in Resources */ = {isa = PBXBuildFile; fileRef = 8A436EE3DA7E76ABB4F60B07 /* Inter-Regular.ttf */; };
		A27C541491A795CA685BB395 /* ManagerService.swift in Sources */ = {isa = PBXBuildFile; fileRef = B86AF36A838DAC21F9915828 /* ManagerService.swift */; };
		A9466EA77149AB1CCCB34E5B /* NewConversationView.swift in Sources */ = {isa = PBXBuildFile; fileRef = 40DE4DAF05D397345E450CEA /* NewConversationView.swift */; };
		AE559CFF05354BC94BB4574C /* HuumeModels.swift in Sources */ = {isa = PBXBuildFile; fileRef = 59713BF30982B5DB1C94A283 /* HuumeModels.swift */; };
		B2B8313E3EF5AB5591374D68 /* InboxService.swift in Sources */ = {isa = PBXBuildFile; fileRef = 900A8043DCA1FD568AECD561 /* InboxService.swift */; };
		B5BC82F455926DE51691558C /* ManagerWeekView.swift in Sources */ = {isa = PBXBuildFile; fileRef = 3B73E92544F17AFB16515D0F /* ManagerWeekView.swift */; };
		B86457D9BF3C4056C6A30057 /* ManagerWeekTests.swift in Sources */ = {isa = PBXBuildFile; fileRef = E9F5FF4EAE9342929A033DFD /* ManagerWeekTests.swift */; };
		BBDFAF73F2AFBAD4C0A8A2E6 /* ShiftEditorView.swift in Sources */ = {isa = PBXBuildFile; fileRef = 1AC5BA1D9374212777AF9DFA /* ShiftEditorView.swift */; };
		BC8A6342E64275CB57BF539A /* AuthService.swift in Sources */ = {isa = PBXBuildFile; fileRef = 45D7FFF49F81670DBC005528 /* AuthService.swift */; };
		C25D7B078429006925C52507 /* Inter-SemiBold.ttf in Resources */ = {isa = PBXBuildFile; fileRef = 64E0EDA8523B9835FDFE64F4 /* Inter-SemiBold.ttf */; };
		C32A9343C946823713E13858 /* WallClock.swift in Sources */ = {isa = PBXBuildFile; fileRef = 89D97E1931AD74021BCBB5A9 /* WallClock.swift */; };
		C5E874A6893DBD8607EF5EBF /* NotificationFeedView.swift in Sources */ = {isa = PBXBuildFile; fileRef = 519000652F59BE804BD3DFDE /* NotificationFeedView.swift */; };
		C73C5C59886A3A437A025FF6 /* RequestModelsTests.swift in Sources */ = {isa = PBXBuildFile; fileRef = 621C383164B73E3F0D6E4306 /* RequestModelsTests.swift */; };
		CC568A10AB551AE913B321B6 /* DateInput.swift in Sources */ = {isa = PBXBuildFile; fileRef = D2FBF337459CDF9C519C6B65 /* DateInput.swift */; };
		CD2231972B575F3C73DA45CE /* InboxAndPushTests.swift in Sources */ = {isa = PBXBuildFile; fileRef = 24FCD97C44641AB8A42A62FF /* InboxAndPushTests.swift */; };
		CF6238A4450861535B0A1339 /* ScreenTour.swift in Sources */ = {isa = PBXBuildFile; fileRef = A9D796CCAE5B1852408B1F53 /* ScreenTour.swift */; };
		D21562CFC3F7C519D0663777 /* ShiftDetailView.swift in Sources */ = {isa = PBXBuildFile; fileRef = D512C8263D03A8E936996174 /* ShiftDetailView.swift */; };
		D6C23E05900725C6BB825E66 /* ScheduleModels.swift in Sources */ = {isa = PBXBuildFile; fileRef = DCAD92D4F503B4BFC8048D64 /* ScheduleModels.swift */; };
		DCF052C3F68893672965FD54 /* ScheduleModelsTests.swift in Sources */ = {isa = PBXBuildFile; fileRef = F1E8AE226D519550D820BA32 /* ScheduleModelsTests.swift */; };
		DE7E6A26714DB589061BB99A /* ManagerModels.swift in Sources */ = {isa = PBXBuildFile; fileRef = AD2E302B1CE8F2BA724A9E7E /* ManagerModels.swift */; };
		ED9242915DAE36312C3F9A0D /* InterDisplay-Bold.ttf in Resources */ = {isa = PBXBuildFile; fileRef = 154AC9DCE45E3D704D37EE70 /* InterDisplay-Bold.ttf */; };
		F3F9408C0561F99693A91C8B /* RootView.swift in Sources */ = {isa = PBXBuildFile; fileRef = 42E8FD722F3100C0B1D0E651 /* RootView.swift */; };
/* End PBXBuildFile section */

/* Begin PBXContainerItemProxy section */
		17E74D5FE0E90298BD8C0C96 /* PBXContainerItemProxy */ = {
			isa = PBXContainerItemProxy;
			containerPortal = 163F112F9D5D042E93782A2D /* Project object */;
			proxyType = 1;
			remoteGlobalIDString = 655FADBF87968C12AB3646C9;
			remoteInfo = MatchaSchedule;
		};
		345692CA137E084464D3BD5A /* PBXContainerItemProxy */ = {
			isa = PBXContainerItemProxy;
			containerPortal = 163F112F9D5D042E93782A2D /* Project object */;
			proxyType = 1;
			remoteGlobalIDString = 655FADBF87968C12AB3646C9;
			remoteInfo = MatchaSchedule;
		};
/* End PBXContainerItemProxy section */

/* Begin PBXFileReference section */
		0F3F236B34A9A17D4B76E97D /* DMThreadView.swift */ = {isa = PBXFileReference; lastKnownFileType = sourcecode.swift; path = DMThreadView.swift; sourceTree = "<group>"; };
		154AC9DCE45E3D704D37EE70 /* InterDisplay-Bold.ttf */ = {isa = PBXFileReference; lastKnownFileType = file; path = "InterDisplay-Bold.ttf"; sourceTree = "<group>"; };
		1AC5BA1D9374212777AF9DFA /* ShiftEditorView.swift */ = {isa = PBXFileReference; lastKnownFileType = sourcecode.swift; path = ShiftEditorView.swift; sourceTree = "<group>"; };
		24FCD97C44641AB8A42A62FF /* InboxAndPushTests.swift */ = {isa = PBXFileReference; lastKnownFileType = sourcecode.swift; path = InboxAndPushTests.swift; sourceTree = "<group>"; };
		2604F4F47F75DE4F87359AC9 /* HuumeTests.swift */ = {isa = PBXFileReference; lastKnownFileType = sourcecode.swift; path = HuumeTests.swift; sourceTree = "<group>"; };
		26E9D449F241F249F5826E0E /* AvailabilityView.swift */ = {isa = PBXFileReference; lastKnownFileType = sourcecode.swift; path = AvailabilityView.swift; sourceTree = "<group>"; };
		3B73E92544F17AFB16515D0F /* ManagerWeekView.swift */ = {isa = PBXFileReference; lastKnownFileType = sourcecode.swift; path = ManagerWeekView.swift; sourceTree = "<group>"; };
		40DE4DAF05D397345E450CEA /* NewConversationView.swift */ = {isa = PBXFileReference; lastKnownFileType = sourcecode.swift; path = NewConversationView.swift; sourceTree = "<group>"; };
		4205437C27822B5B40260871 /* HuumeService.swift */ = {isa = PBXFileReference; lastKnownFileType = sourcecode.swift; path = HuumeService.swift; sourceTree = "<group>"; };
		42E8FD722F3100C0B1D0E651 /* RootView.swift */ = {isa = PBXFileReference; lastKnownFileType = sourcecode.swift; path = RootView.swift; sourceTree = "<group>"; };
		4382AFA453AC7672B4017239 /* AppDelegate.swift */ = {isa = PBXFileReference; lastKnownFileType = sourcecode.swift; path = AppDelegate.swift; sourceTree = "<group>"; };
		43948B61CED2C3983AFE2ABC /* ApprovalsView.swift */ = {isa = PBXFileReference; lastKnownFileType = sourcecode.swift; path = ApprovalsView.swift; sourceTree = "<group>"; };
		45D7FFF49F81670DBC005528 /* AuthService.swift */ = {isa = PBXFileReference; lastKnownFileType = sourcecode.swift; path = AuthService.swift; sourceTree = "<group>"; };
		4C52F2C228F339EB85028AFF /* HuumeChatView.swift */ = {isa = PBXFileReference; lastKnownFileType = sourcecode.swift; path = HuumeChatView.swift; sourceTree = "<group>"; };
		4C7ECE6100500F49F552054C /* Inter-LICENSE.txt */ = {isa = PBXFileReference; lastKnownFileType = text; path = "Inter-LICENSE.txt"; sourceTree = "<group>"; };
		519000652F59BE804BD3DFDE /* NotificationFeedView.swift */ = {isa = PBXFileReference; lastKnownFileType = sourcecode.swift; path = NotificationFeedView.swift; sourceTree = "<group>"; };
		58A3F3145F2D4137F9BA74D5 /* KeychainHelper.swift */ = {isa = PBXFileReference; lastKnownFileType = sourcecode.swift; path = KeychainHelper.swift; sourceTree = "<group>"; };
		59713BF30982B5DB1C94A283 /* HuumeModels.swift */ = {isa = PBXFileReference; lastKnownFileType = sourcecode.swift; path = HuumeModels.swift; sourceTree = "<group>"; };
		5A8DE49ED689FBD823C0DD38 /* Theme.swift */ = {isa = PBXFileReference; lastKnownFileType = sourcecode.swift; path = Theme.swift; sourceTree = "<group>"; };
		61233741E1D808A3F43DD962 /* RequestModels.swift */ = {isa = PBXFileReference; lastKnownFileType = sourcecode.swift; path = RequestModels.swift; sourceTree = "<group>"; };
		621C383164B73E3F0D6E4306 /* RequestModelsTests.swift */ = {isa = PBXFileReference; lastKnownFileType = sourcecode.swift; path = RequestModelsTests.swift; sourceTree = "<group>"; };
		64E0EDA8523B9835FDFE64F4 /* Inter-SemiBold.ttf */ = {isa = PBXFileReference; lastKnownFileType = file; path = "Inter-SemiBold.ttf"; sourceTree = "<group>"; };
		67EC7DA08FE4C15968DFEDD6 /* InterDisplay-SemiBold.ttf */ = {isa = PBXFileReference; lastKnownFileType = file; path = "InterDisplay-SemiBold.ttf"; sourceTree = "<group>"; };
		6828BF38DB7DFAD1E815F026 /* PushRoute.swift */ = {isa = PBXFileReference; lastKnownFileType = sourcecode.swift; path = PushRoute.swift; sourceTree = "<group>"; };
		79A260A3246CB07905538A7F /* NotificationModels.swift */ = {isa = PBXFileReference; lastKnownFileType = sourcecode.swift; path = NotificationModels.swift; sourceTree = "<group>"; };
		80E7CCF2D9D4B698052CA3E8 /* ScheduleView.swift */ = {isa = PBXFileReference; lastKnownFileType = sourcecode.swift; path = ScheduleView.swift; sourceTree = "<group>"; };
		865F95F8AC673FDB7B78B7C8 /* ForceRetry.swift */ = {isa = PBXFileReference; lastKnownFileType = sourcecode.swift; path = ForceRetry.swift; sourceTree = "<group>"; };
		88760CBAFDEAA93D38BD3A49 /* MatchaSchedule.app */ = {isa = PBXFileReference; includeInIndex = 0; lastKnownFileType = wrapper.application; path = MatchaSchedule.app; sourceTree = BUILT_PRODUCTS_DIR; };
		89D97E1931AD74021BCBB5A9 /* WallClock.swift */ = {isa = PBXFileReference; lastKnownFileType = sourcecode.swift; path = WallClock.swift; sourceTree = "<group>"; };
		8A436EE3DA7E76ABB4F60B07 /* Inter-Regular.ttf */ = {isa = PBXFileReference; lastKnownFileType = file; path = "Inter-Regular.ttf"; sourceTree = "<group>"; };
		900A8043DCA1FD568AECD561 /* InboxService.swift */ = {isa = PBXFileReference; lastKnownFileType = sourcecode.swift; path = InboxService.swift; sourceTree = "<group>"; };
		958E0EBE9E78FFC8FCEA7C33 /* ManagerShiftDetailView.swift */ = {isa = PBXFileReference; lastKnownFileType = sourcecode.swift; path = ManagerShiftDetailView.swift; sourceTree = "<group>"; };
		9EC0BE7FC561E4DB5A8AE91F /* MatchaScheduleTests.xctest */ = {isa = PBXFileReference; includeInIndex = 0; lastKnownFileType = wrapper.cfbundle; path = MatchaScheduleTests.xctest; sourceTree = BUILT_PRODUCTS_DIR; };
		A0C87701129671EC6F55AD55 /* APIClient.swift */ = {isa = PBXFileReference; lastKnownFileType = sourcecode.swift; path = APIClient.swift; sourceTree = "<group>"; };
		A44EF64C867999991140704A /* AppState.swift */ = {isa = PBXFileReference; lastKnownFileType = sourcecode.swift; path = AppState.swift; sourceTree = "<group>"; };
		A4B071AAD4DA34764CDC8C2A /* ManagerTests.swift */ = {isa = PBXFileReference; lastKnownFileType = sourcecode.swift; path = ManagerTests.swift; sourceTree = "<group>"; };
		A9D796CCAE5B1852408B1F53 /* ScreenTour.swift */ = {isa = PBXFileReference; lastKnownFileType = sourcecode.swift; path = ScreenTour.swift; sourceTree = "<group>"; };
		AD2E302B1CE8F2BA724A9E7E /* ManagerModels.swift */ = {isa = PBXFileReference; lastKnownFileType = sourcecode.swift; path = ManagerModels.swift; sourceTree = "<group>"; };
		B3D883AD700B1C04E6318C7C /* RequestComposerView.swift */ = {isa = PBXFileReference; lastKnownFileType = sourcecode.swift; path = RequestComposerView.swift; sourceTree = "<group>"; };
		B48BF7C4B0A46EFE21ABD68A /* RequestService.swift */ = {isa = PBXFileReference; lastKnownFileType = sourcecode.swift; path = RequestService.swift; sourceTree = "<group>"; };
		B5F8514F4759EC3E21FA6C55 /* InboxListView.swift */ = {isa = PBXFileReference; lastKnownFileType = sourcecode.swift; path = InboxListView.swift; sourceTree = "<group>"; };
		B86AF36A838DAC21F9915828 /* ManagerService.swift */ = {isa = PBXFileReference; lastKnownFileType = sourcecode.swift; path = ManagerService.swift; sourceTree = "<group>"; };
		C0213CDEF3C908EC5C3FBB8C /* PushService.swift */ = {isa = PBXFileReference; lastKnownFileType = sourcecode.swift; path = PushService.swift; sourceTree = "<group>"; };
		CB640D4E6F379D709914C1C1 /* PrivacyInfo.xcprivacy */ = {isa = PBXFileReference; path = PrivacyInfo.xcprivacy; sourceTree = "<group>"; };
		CE7209F5C2D77D2876B2A846 /* ManageView.swift */ = {isa = PBXFileReference; lastKnownFileType = sourcecode.swift; path = ManageView.swift; sourceTree = "<group>"; };
		CF80A95E56B313401DE5B3D1 /* RequestsView.swift */ = {isa = PBXFileReference; lastKnownFileType = sourcecode.swift; path = RequestsView.swift; sourceTree = "<group>"; };
		D1CF8B522EA2D2F2543AF7CB /* MatchaScheduleApp.swift */ = {isa = PBXFileReference; lastKnownFileType = sourcecode.swift; path = MatchaScheduleApp.swift; sourceTree = "<group>"; };
		D2FBF337459CDF9C519C6B65 /* DateInput.swift */ = {isa = PBXFileReference; lastKnownFileType = sourcecode.swift; path = DateInput.swift; sourceTree = "<group>"; };
		D512C8263D03A8E936996174 /* ShiftDetailView.swift */ = {isa = PBXFileReference; lastKnownFileType = sourcecode.swift; path = ShiftDetailView.swift; sourceTree = "<group>"; };
		DC0BB06032FCAD9FC2202ABA /* ScheduleService.swift */ = {isa = PBXFileReference; lastKnownFileType = sourcecode.swift; path = ScheduleService.swift; sourceTree = "<group>"; };
		DCAD92D4F503B4BFC8048D64 /* ScheduleModels.swift */ = {isa = PBXFileReference; lastKnownFileType = sourcecode.swift; path = ScheduleModels.swift; sourceTree = "<group>"; };
		DF581A196AD55E4BA8F6871E /* Components.swift */ = {isa = PBXFileReference; lastKnownFileType = sourcecode.swift; path = Components.swift; sourceTree = "<group>"; };
		E7B75ECDFA3E24D1DC85A598 /* PTOView.swift */ = {isa = PBXFileReference; lastKnownFileType = sourcecode.swift; path = PTOView.swift; sourceTree = "<group>"; };
		E8874AF6ACFAADFACE202DF4 /* MatchaScheduleUITests.xctest */ = {isa = PBXFileReference; includeInIndex = 0; lastKnownFileType = wrapper.cfbundle; path = MatchaScheduleUITests.xctest; sourceTree = BUILT_PRODUCTS_DIR; };
		E945DCDFCA50121104255556 /* Inter-Bold.ttf */ = {isa = PBXFileReference; lastKnownFileType = file; path = "Inter-Bold.ttf"; sourceTree = "<group>"; };
		E9F5FF4EAE9342929A033DFD /* ManagerWeekTests.swift */ = {isa = PBXFileReference; lastKnownFileType = sourcecode.swift; path = ManagerWeekTests.swift; sourceTree = "<group>"; };
		EB277320255AAD980BFF9CB9 /* Inter-Medium.ttf */ = {isa = PBXFileReference; lastKnownFileType = file; path = "Inter-Medium.ttf"; sourceTree = "<group>"; };
		EC1B48B8A693059D55BD81B5 /* ScheduleConflict.swift */ = {isa = PBXFileReference; lastKnownFileType = sourcecode.swift; path = ScheduleConflict.swift; sourceTree = "<group>"; };
		EC43779BD5750AB6E945923F /* NotificationService.swift */ = {isa = PBXFileReference; lastKnownFileType = sourcecode.swift; path = NotificationService.swift; sourceTree = "<group>"; };
		EEB4B3BFC7FB985B1E9B4CD2 /* InboxModels.swift */ = {isa = PBXFileReference; lastKnownFileType = sourcecode.swift; path = InboxModels.swift; sourceTree = "<group>"; };
		F15A19AF0CB37E648B38FD85 /* DMSupport.swift */ = {isa = PBXFileReference; lastKnownFileType = sourcecode.swift; path = DMSupport.swift; sourceTree = "<group>"; };
		F1E8AE226D519550D820BA32 /* ScheduleModelsTests.swift */ = {isa = PBXFileReference; lastKnownFileType = sourcecode.swift; path = ScheduleModelsTests.swift; sourceTree = "<group>"; };
		F925A0959D4FA48F5B0026D2 /* Assets.xcassets */ = {isa = PBXFileReference; lastKnownFileType = folder.assetcatalog; path = Assets.xcassets; sourceTree = "<group>"; };
/* End PBXFileReference section */

/* Begin PBXGroup section */
		10E7332AFF7D20A643F45699 /* Services */ = {
			isa = PBXGroup;
			children = (
				A0C87701129671EC6F55AD55 /* APIClient.swift */,
				45D7FFF49F81670DBC005528 /* AuthService.swift */,
				4205437C27822B5B40260871 /* HuumeService.swift */,
				900A8043DCA1FD568AECD561 /* InboxService.swift */,
				58A3F3145F2D4137F9BA74D5 /* KeychainHelper.swift */,
				B86AF36A838DAC21F9915828 /* ManagerService.swift */,
				EC43779BD5750AB6E945923F /* NotificationService.swift */,
				C0213CDEF3C908EC5C3FBB8C /* PushService.swift */,
				B48BF7C4B0A46EFE21ABD68A /* RequestService.swift */,
				DC0BB06032FCAD9FC2202ABA /* ScheduleService.swift */,
			);
			path = Services;
			sourceTree = "<group>";
		};
		1693AA398ED46AAD817D9B32 /* Inbox */ = {
			isa = PBXGroup;
			children = (
				0F3F236B34A9A17D4B76E97D /* DMThreadView.swift */,
				B5F8514F4759EC3E21FA6C55 /* InboxListView.swift */,
				40DE4DAF05D397345E450CEA /* NewConversationView.swift */,
			);
			path = Inbox;
			sourceTree = "<group>";
		};
		2B7A359084FB962747D2FBD9 /* Support */ = {
			isa = PBXGroup;
			children = (
				DF581A196AD55E4BA8F6871E /* Components.swift */,
				F15A19AF0CB37E648B38FD85 /* DMSupport.swift */,
				865F95F8AC673FDB7B78B7C8 /* ForceRetry.swift */,
				6828BF38DB7DFAD1E815F026 /* PushRoute.swift */,
				5A8DE49ED689FBD823C0DD38 /* Theme.swift */,
			);
			path = Support;
			sourceTree = "<group>";
		};
		61D30DB0D438E122CD204939 /* Views */ = {
			isa = PBXGroup;
			children = (
				26E9D449F241F249F5826E0E /* AvailabilityView.swift */,
				519000652F59BE804BD3DFDE /* NotificationFeedView.swift */,
				E7B75ECDFA3E24D1DC85A598 /* PTOView.swift */,
				B3D883AD700B1C04E6318C7C /* RequestComposerView.swift */,
				CF80A95E56B313401DE5B3D1 /* RequestsView.swift */,
				42E8FD722F3100C0B1D0E651 /* RootView.swift */,
				80E7CCF2D9D4B698052CA3E8 /* ScheduleView.swift */,
				D512C8263D03A8E936996174 /* ShiftDetailView.swift */,
				1693AA398ED46AAD817D9B32 /* Inbox */,
				CA5E495250B8E6B41B130B36 /* Manage */,
			);
			path = Views;
			sourceTree = "<group>";
		};
		7239DB5145ACC8BFF7C7B46C = {
			isa = PBXGroup;
			children = (
				83D4C1A5E64BD4623BB18417 /* App */,
				E6B9780B1C9A01AE15C9BC0F /* Models */,
				C5775B83641C433E7D42C073 /* Resources */,
				10E7332AFF7D20A643F45699 /* Services */,
				2B7A359084FB962747D2FBD9 /* Support */,
				BBBF92741297CF3BB9CA2747 /* Tests */,
				A8876B4EB55354B12F0C028A /* UITests */,
				61D30DB0D438E122CD204939 /* Views */,
				DC9FF9812BF87AF02B2670A9 /* Products */,
			);
			sourceTree = "<group>";
		};
		83D4C1A5E64BD4623BB18417 /* App */ = {
			isa = PBXGroup;
			children = (
				4382AFA453AC7672B4017239 /* AppDelegate.swift */,
				A44EF64C867999991140704A /* AppState.swift */,
				D1CF8B522EA2D2F2543AF7CB /* MatchaScheduleApp.swift */,
			);
			path = App;
			sourceTree = "<group>";
		};
		A74D08BAD83CB79A11961740 /* Fonts */ = {
			isa = PBXGroup;
			children = (
				E945DCDFCA50121104255556 /* Inter-Bold.ttf */,
				4C7ECE6100500F49F552054C /* Inter-LICENSE.txt */,
				EB277320255AAD980BFF9CB9 /* Inter-Medium.ttf */,
				8A436EE3DA7E76ABB4F60B07 /* Inter-Regular.ttf */,
				64E0EDA8523B9835FDFE64F4 /* Inter-SemiBold.ttf */,
				154AC9DCE45E3D704D37EE70 /* InterDisplay-Bold.ttf */,
				67EC7DA08FE4C15968DFEDD6 /* InterDisplay-SemiBold.ttf */,
			);
			path = Fonts;
			sourceTree = "<group>";
		};
		A8876B4EB55354B12F0C028A /* UITests */ = {
			isa = PBXGroup;
			children = (
				A9D796CCAE5B1852408B1F53 /* ScreenTour.swift */,
			);
			path = UITests;
			sourceTree = "<group>";
		};
		BBBF92741297CF3BB9CA2747 /* Tests */ = {
			isa = PBXGroup;
			children = (
				2604F4F47F75DE4F87359AC9 /* HuumeTests.swift */,
				24FCD97C44641AB8A42A62FF /* InboxAndPushTests.swift */,
				A4B071AAD4DA34764CDC8C2A /* ManagerTests.swift */,
				E9F5FF4EAE9342929A033DFD /* ManagerWeekTests.swift */,
				621C383164B73E3F0D6E4306 /* RequestModelsTests.swift */,
				F1E8AE226D519550D820BA32 /* ScheduleModelsTests.swift */,
			);
			path = Tests;
			sourceTree = "<group>";
		};
		C5775B83641C433E7D42C073 /* Resources */ = {
			isa = PBXGroup;
			children = (
				F925A0959D4FA48F5B0026D2 /* Assets.xcassets */,
				CB640D4E6F379D709914C1C1 /* PrivacyInfo.xcprivacy */,
				A74D08BAD83CB79A11961740 /* Fonts */,
			);
			path = Resources;
			sourceTree = "<group>";
		};
		CA5E495250B8E6B41B130B36 /* Manage */ = {
			isa = PBXGroup;
			children = (
				43948B61CED2C3983AFE2ABC /* ApprovalsView.swift */,
				4C52F2C228F339EB85028AFF /* HuumeChatView.swift */,
				958E0EBE9E78FFC8FCEA7C33 /* ManagerShiftDetailView.swift */,
				3B73E92544F17AFB16515D0F /* ManagerWeekView.swift */,
				CE7209F5C2D77D2876B2A846 /* ManageView.swift */,
				1AC5BA1D9374212777AF9DFA /* ShiftEditorView.swift */,
			);
			path = Manage;
			sourceTree = "<group>";
		};
		DC9FF9812BF87AF02B2670A9 /* Products */ = {
			isa = PBXGroup;
			children = (
				88760CBAFDEAA93D38BD3A49 /* MatchaSchedule.app */,
				9EC0BE7FC561E4DB5A8AE91F /* MatchaScheduleTests.xctest */,
				E8874AF6ACFAADFACE202DF4 /* MatchaScheduleUITests.xctest */,
			);
			name = Products;
			sourceTree = "<group>";
		};
		E6B9780B1C9A01AE15C9BC0F /* Models */ = {
			isa = PBXGroup;
			children = (
				D2FBF337459CDF9C519C6B65 /* DateInput.swift */,
				59713BF30982B5DB1C94A283 /* HuumeModels.swift */,
				EEB4B3BFC7FB985B1E9B4CD2 /* InboxModels.swift */,
				AD2E302B1CE8F2BA724A9E7E /* ManagerModels.swift */,
				79A260A3246CB07905538A7F /* NotificationModels.swift */,
				61233741E1D808A3F43DD962 /* RequestModels.swift */,
				EC1B48B8A693059D55BD81B5 /* ScheduleConflict.swift */,
				DCAD92D4F503B4BFC8048D64 /* ScheduleModels.swift */,
				89D97E1931AD74021BCBB5A9 /* WallClock.swift */,
			);
			path = Models;
			sourceTree = "<group>";
		};
/* End PBXGroup section */

/* Begin PBXNativeTarget section */
		655FADBF87968C12AB3646C9 /* MatchaSchedule */ = {
			isa = PBXNativeTarget;
			buildConfigurationList = 678217E7AB85A4A53904BF8F /* Build configuration list for PBXNativeTarget "MatchaSchedule" */;
			buildPhases = (
				CE1B2029FA2C5F0B1F22C819 /* Sources */,
				E7464DC97E0CC4EB0CDDA377 /* Resources */,
				9B59D964352AD57AC78DFABE /* Strip local-network ATS exceptions (Release) */,
			);
			buildRules = (
			);
			dependencies = (
			);
			name = MatchaSchedule;
			packageProductDependencies = (
			);
			productName = MatchaSchedule;
			productReference = 88760CBAFDEAA93D38BD3A49 /* MatchaSchedule.app */;
			productType = "com.apple.product-type.application";
		};
		6DD6FF82E51F2A81773B6639 /* MatchaScheduleUITests */ = {
			isa = PBXNativeTarget;
			buildConfigurationList = A40E0546473FB60D148A071B /* Build configuration list for PBXNativeTarget "MatchaScheduleUITests" */;
			buildPhases = (
				A69139EEEADEB42F4BF084D2 /* Sources */,
			);
			buildRules = (
			);
			dependencies = (
				72BB18B198DB4AF7A39AB2FF /* PBXTargetDependency */,
			);
			name = MatchaScheduleUITests;
			packageProductDependencies = (
			);
			productName = MatchaScheduleUITests;
			productReference = E8874AF6ACFAADFACE202DF4 /* MatchaScheduleUITests.xctest */;
			productType = "com.apple.product-type.bundle.ui-testing";
		};
		A6164A905B1BFB97C7226265 /* MatchaScheduleTests */ = {
			isa = PBXNativeTarget;
			buildConfigurationList = 6683C237C07C45C3D4DC8240 /* Build configuration list for PBXNativeTarget "MatchaScheduleTests" */;
			buildPhases = (
				2266A5CD2BB19FCBA8F746E1 /* Sources */,
			);
			buildRules = (
			);
			dependencies = (
				CB5059CA634CE80E4E4324E1 /* PBXTargetDependency */,
			);
			name = MatchaScheduleTests;
			packageProductDependencies = (
			);
			productName = MatchaScheduleTests;
			productReference = 9EC0BE7FC561E4DB5A8AE91F /* MatchaScheduleTests.xctest */;
			productType = "com.apple.product-type.bundle.unit-test";
		};
/* End PBXNativeTarget section */

/* Begin PBXProject section */
		163F112F9D5D042E93782A2D /* Project object */ = {
			isa = PBXProject;
			attributes = {
				BuildIndependentTargetsInParallel = YES;
				LastUpgradeCheck = 1500;
				TargetAttributes = {
					655FADBF87968C12AB3646C9 = {
						DevelopmentTeam = 5D6TJVCPBK;
					};
					6DD6FF82E51F2A81773B6639 = {
						DevelopmentTeam = 5D6TJVCPBK;
						ProvisioningStyle = Automatic;
						TestTargetID = 655FADBF87968C12AB3646C9;
					};
					A6164A905B1BFB97C7226265 = {
						DevelopmentTeam = 5D6TJVCPBK;
						ProvisioningStyle = Automatic;
					};
				};
			};
			buildConfigurationList = 9F37C3C8763095A88E5B6AF5 /* Build configuration list for PBXProject "MatchaSchedule" */;
			developmentRegion = en;
			hasScannedForEncodings = 0;
			knownRegions = (
				Base,
				en,
			);
			mainGroup = 7239DB5145ACC8BFF7C7B46C;
			minimizedProjectReferenceProxies = 1;
			preferredProjectObjectVersion = 77;
			productRefGroup = DC9FF9812BF87AF02B2670A9 /* Products */;
			projectDirPath = "";
			projectRoot = "";
			targets = (
				655FADBF87968C12AB3646C9 /* MatchaSchedule */,
				A6164A905B1BFB97C7226265 /* MatchaScheduleTests */,
				6DD6FF82E51F2A81773B6639 /* MatchaScheduleUITests */,
			);
		};
/* End PBXProject section */

/* Begin PBXResourcesBuildPhase section */
		E7464DC97E0CC4EB0CDDA377 /* Resources */ = {
			isa = PBXResourcesBuildPhase;
			buildActionMask = 2147483647;
			files = (
				8283027B36FC7CA971E5B5A2 /* Assets.xcassets in Resources */,
				0E3E9B927CF4C9992B50F27E /* Inter-Bold.ttf in Resources */,
				0851C3C39947EADF3385ED73 /* Inter-LICENSE.txt in Resources */,
				0C8CD7B50BF7B10EFD2CB6CB /* Inter-Medium.ttf in Resources */,
				A052778B5CE08963BBA127CC /* Inter-Regular.ttf in Resources */,
				C25D7B078429006925C52507 /* Inter-SemiBold.ttf in Resources */,
				ED9242915DAE36312C3F9A0D /* InterDisplay-Bold.ttf in Resources */,
				491E5850F468AB12F1BB6D97 /* InterDisplay-SemiBold.ttf in Resources */,
				6C7CA8E10A30F3E497E37E70 /* PrivacyInfo.xcprivacy in Resources */,
			);
			runOnlyForDeploymentPostprocessing = 0;
		};
/* End PBXResourcesBuildPhase section */

/* Begin PBXShellScriptBuildPhase section */
		9B59D964352AD57AC78DFABE /* Strip local-network ATS exceptions (Release) */ = {
			isa = PBXShellScriptBuildPhase;
			alwaysOutOfDate = 1;
			buildActionMask = 2147483647;
			files = (
			);
			inputFileListPaths = (
			);
			inputPaths = (
			);
			name = "Strip local-network ATS exceptions (Release)";
			outputFileListPaths = (
			);
			outputPaths = (
			);
			runOnlyForDeploymentPostprocessing = 0;
			shellPath = /bin/sh;
			shellScript = "if [ \"${CONFIGURATION}\" = \"Release\" ]; then\n  /usr/libexec/PlistBuddy -c \"Delete :NSAppTransportSecurity\" \"${TARGET_BUILD_DIR}/${INFOPLIST_PATH}\" 2>/dev/null || true\nfi\n";
		};
/* End PBXShellScriptBuildPhase section */

/* Begin PBXSourcesBuildPhase section */
		2266A5CD2BB19FCBA8F746E1 /* Sources */ = {
			isa = PBXSourcesBuildPhase;
			buildActionMask = 2147483647;
			files = (
				66AC6BEEAF5FEE5EB6666695 /* HuumeTests.swift in Sources */,
				CD2231972B575F3C73DA45CE /* InboxAndPushTests.swift in Sources */,
				623A6EFDB5EAA55F21E5EA69 /* ManagerTests.swift in Sources */,
				B86457D9BF3C4056C6A30057 /* ManagerWeekTests.swift in Sources */,
				C73C5C59886A3A437A025FF6 /* RequestModelsTests.swift in Sources */,
				DCF052C3F68893672965FD54 /* ScheduleModelsTests.swift in Sources */,
			);
			runOnlyForDeploymentPostprocessing = 0;
		};
		A69139EEEADEB42F4BF084D2 /* Sources */ = {
			isa = PBXSourcesBuildPhase;
			buildActionMask = 2147483647;
			files = (
				CF6238A4450861535B0A1339 /* ScreenTour.swift in Sources */,
			);
			runOnlyForDeploymentPostprocessing = 0;
		};
		CE1B2029FA2C5F0B1F22C819 /* Sources */ = {
			isa = PBXSourcesBuildPhase;
			buildActionMask = 2147483647;
			files = (
				4505A1B0E9349C045EF554A8 /* APIClient.swift in Sources */,
				981C7F60BEDFC586688BA89A /* AppDelegate.swift in Sources */,
				83DCE3D4B76832F007122D21 /* AppState.swift in Sources */,
				7E6AACC62DFEBA440FA467A3 /* ApprovalsView.swift in Sources */,
				BC8A6342E64275CB57BF539A /* AuthService.swift in Sources */,
				31197A9A9C54A4B9CEEAAB2B /* AvailabilityView.swift in Sources */,
				0CAFBC737C5AD9733725C37E /* Components.swift in Sources */,
				4183F71C231F5E6D16956B96 /* DMSupport.swift in Sources */,
				4C1CA17B983939232B71141A /* DMThreadView.swift in Sources */,
				CC568A10AB551AE913B321B6 /* DateInput.swift in Sources */,
				2C03471218EFFDC7E24642FE /* ForceRetry.swift in Sources */,
				7FCBE25D865BFC1284220408 /* HuumeChatView.swift in Sources */,
				AE559CFF05354BC94BB4574C /* HuumeModels.swift in Sources */,
				6812715DC9BC07E55C5BC91E /* HuumeService.swift in Sources */,
				455ED0BF69F5F4279DD616EF /* InboxListView.swift in Sources */,
				4A8AF159E08EB2BAE7C83F14 /* InboxModels.swift in Sources */,
				B2B8313E3EF5AB5591374D68 /* InboxService.swift in Sources */,
				0B01F896983393BA4D469B64 /* KeychainHelper.swift in Sources */,
				0485A6C45EFB00C6C8701547 /* ManageView.swift in Sources */,
				DE7E6A26714DB589061BB99A /* ManagerModels.swift in Sources */,
				A27C541491A795CA685BB395 /* ManagerService.swift in Sources */,
				80E55D45DEE7F652CA9190E9 /* ManagerShiftDetailView.swift in Sources */,
				B5BC82F455926DE51691558C /* ManagerWeekView.swift in Sources */,
				0E3F1E08A4BA29DA186CDB91 /* MatchaScheduleApp.swift in Sources */,
				A9466EA77149AB1CCCB34E5B /* NewConversationView.swift in Sources */,
				C5E874A6893DBD8607EF5EBF /* NotificationFeedView.swift in Sources */,
				4BB98E7AB8DE2AFFBDBA9623 /* NotificationModels.swift in Sources */,
				17907A20901391E60AB9362D /* NotificationService.swift in Sources */,
				26AC01D3C0FD51A9AEC58B66 /* PTOView.swift in Sources */,
				10FBFD916EE62807FD1CF13E /* PushRoute.swift in Sources */,
				8F9D2E87E83C03BED201CC9D /* PushService.swift in Sources */,
				16B07C5C2BD2D9EB82F66267 /* RequestComposerView.swift in Sources */,
				6EEF49625842516E828C5A6D /* RequestModels.swift in Sources */,
				2EBFDDB84BA7EE62B29951AB /* RequestService.swift in Sources */,
				19D84FCBF9FC6996C3174B07 /* RequestsView.swift in Sources */,
				F3F9408C0561F99693A91C8B /* RootView.swift in Sources */,
				06DD2FA70E10B7FE9D35BEE9 /* ScheduleConflict.swift in Sources */,
				D6C23E05900725C6BB825E66 /* ScheduleModels.swift in Sources */,
				9215B940EEF70FC8EEC5B636 /* ScheduleService.swift in Sources */,
				3B00B9371288609C0C886355 /* ScheduleView.swift in Sources */,
				D21562CFC3F7C519D0663777 /* ShiftDetailView.swift in Sources */,
				BBDFAF73F2AFBAD4C0A8A2E6 /* ShiftEditorView.swift in Sources */,
				9BF39CDE3387D6116DC7730F /* Theme.swift in Sources */,
				C32A9343C946823713E13858 /* WallClock.swift in Sources */,
			);
			runOnlyForDeploymentPostprocessing = 0;
		};
/* End PBXSourcesBuildPhase section */

/* Begin PBXTargetDependency section */
		72BB18B198DB4AF7A39AB2FF /* PBXTargetDependency */ = {
			isa = PBXTargetDependency;
			target = 655FADBF87968C12AB3646C9 /* MatchaSchedule */;
			targetProxy = 17E74D5FE0E90298BD8C0C96 /* PBXContainerItemProxy */;
		};
		CB5059CA634CE80E4E4324E1 /* PBXTargetDependency */ = {
			isa = PBXTargetDependency;
			target = 655FADBF87968C12AB3646C9 /* MatchaSchedule */;
			targetProxy = 345692CA137E084464D3BD5A /* PBXContainerItemProxy */;
		};
/* End PBXTargetDependency section */

/* Begin XCBuildConfiguration section */
		4235644FCBD3031F92F593DD /* Debug */ = {
			isa = XCBuildConfiguration;
			buildSettings = {
				ASSETCATALOG_COMPILER_APPICON_NAME = AppIcon;
				ASSETCATALOG_COMPILER_GLOBAL_ACCENT_COLOR_NAME = AccentColor;
				CODE_SIGN_ENTITLEMENTS = "MatchaSchedule-Debug.entitlements";
				CODE_SIGN_IDENTITY = "iPhone Developer";
				INFOPLIST_FILE = Info.plist;
				IPHONEOS_DEPLOYMENT_TARGET = 17.0;
				LD_RUNPATH_SEARCH_PATHS = (
					"$(inherited)",
					"@executable_path/Frameworks",
				);
				PRODUCT_BUNDLE_IDENTIFIER = com.matchasched.app;
				SDKROOT = iphoneos;
				TARGETED_DEVICE_FAMILY = 1;
			};
			name = Debug;
		};
		514369B8FA3C9BC4A563458D /* Release */ = {
			isa = XCBuildConfiguration;
			buildSettings = {
				BUNDLE_LOADER = "$(TEST_HOST)";
				GENERATE_INFOPLIST_FILE = YES;
				IPHONEOS_DEPLOYMENT_TARGET = 17.0;
				LD_RUNPATH_SEARCH_PATHS = (
					"$(inherited)",
					"@executable_path/Frameworks",
					"@loader_path/Frameworks",
				);
				PRODUCT_BUNDLE_IDENTIFIER = com.matchasched.app.tests;
				SDKROOT = iphoneos;
				TARGETED_DEVICE_FAMILY = "1,2";
				TEST_HOST = "$(BUILT_PRODUCTS_DIR)/MatchaSchedule.app/MatchaSchedule";
			};
			name = Release;
		};
		569D71BC32FA5C7561CC8D70 /* Release */ = {
			isa = XCBuildConfiguration;
			buildSettings = {
				BUNDLE_LOADER = "$(TEST_HOST)";
				GENERATE_INFOPLIST_FILE = YES;
				IPHONEOS_DEPLOYMENT_TARGET = 17.0;
				LD_RUNPATH_SEARCH_PATHS = (
					"$(inherited)",
					"@executable_path/Frameworks",
					"@loader_path/Frameworks",
				);
				PRODUCT_BUNDLE_IDENTIFIER = com.matchasched.app.uitests;
				SDKROOT = iphoneos;
				TARGETED_DEVICE_FAMILY = "1,2";
				TEST_TARGET_NAME = MatchaSchedule;
			};
			name = Release;
		};
		7BB3EC4FF14ACA839644AA64 /* Debug */ = {
			isa = XCBuildConfiguration;
			buildSettings = {
				ALWAYS_SEARCH_USER_PATHS = NO;
				CLANG_ANALYZER_NONNULL = YES;
				CLANG_ANALYZER_NUMBER_OBJECT_CONVERSION = YES_AGGRESSIVE;
				CLANG_CXX_LANGUAGE_STANDARD = "gnu++14";
				CLANG_CXX_LIBRARY = "libc++";
				CLANG_ENABLE_MODULES = YES;
				CLANG_ENABLE_OBJC_ARC = YES;
				CLANG_ENABLE_OBJC_WEAK = YES;
				CLANG_WARN_BLOCK_CAPTURE_AUTORELEASING = YES;
				CLANG_WARN_BOOL_CONVERSION = YES;
				CLANG_WARN_COMMA = YES;
				CLANG_WARN_CONSTANT_CONVERSION = YES;
				CLANG_WARN_DEPRECATED_OBJC_IMPLEMENTATIONS = YES;
				CLANG_WARN_DIRECT_OBJC_ISA_USAGE = YES_ERROR;
				CLANG_WARN_DOCUMENTATION_COMMENTS = YES;
				CLANG_WARN_EMPTY_BODY = YES;
				CLANG_WARN_ENUM_CONVERSION = YES;
				CLANG_WARN_INFINITE_RECURSION = YES;
				CLANG_WARN_INT_CONVERSION = YES;
				CLANG_WARN_NON_LITERAL_NULL_CONVERSION = YES;
				CLANG_WARN_OBJC_IMPLICIT_RETAIN_SELF = YES;
				CLANG_WARN_OBJC_LITERAL_CONVERSION = YES;
				CLANG_WARN_OBJC_ROOT_CLASS = YES_ERROR;
				CLANG_WARN_QUOTED_INCLUDE_IN_FRAMEWORK_HEADER = YES;
				CLANG_WARN_RANGE_LOOP_ANALYSIS = YES;
				CLANG_WARN_STRICT_PROTOTYPES = YES;
				CLANG_WARN_SUSPICIOUS_MOVE = YES;
				CLANG_WARN_UNGUARDED_AVAILABILITY = YES_AGGRESSIVE;
				CLANG_WARN_UNREACHABLE_CODE = YES;
				CLANG_WARN__DUPLICATE_METHOD_MATCH = YES;
				CODE_SIGN_STYLE = Automatic;
				COPY_PHASE_STRIP = NO;
				CURRENT_PROJECT_VERSION = 1;
				DEBUG_INFORMATION_FORMAT = dwarf;
				DEVELOPMENT_TEAM = 5D6TJVCPBK;
				ENABLE_STRICT_OBJC_MSGSEND = YES;
				ENABLE_TESTABILITY = YES;
				GCC_C_LANGUAGE_STANDARD = gnu11;
				GCC_DYNAMIC_NO_PIC = NO;
				GCC_NO_COMMON_BLOCKS = YES;
				GCC_OPTIMIZATION_LEVEL = 0;
				GCC_PREPROCESSOR_DEFINITIONS = (
					"$(inherited)",
					"DEBUG=1",
				);
				GCC_WARN_64_TO_32_BIT_CONVERSION = YES;
				GCC_WARN_ABOUT_RETURN_TYPE = YES_ERROR;
				GCC_WARN_UNDECLARED_SELECTOR = YES;
				GCC_WARN_UNINITIALIZED_AUTOS = YES_AGGRESSIVE;
				GCC_WARN_UNUSED_FUNCTION = YES;
				GCC_WARN_UNUSED_VARIABLE = YES;
				IPHONEOS_DEPLOYMENT_TARGET = 17.0;
				MARKETING_VERSION = 1.0.0;
				MTL_ENABLE_DEBUG_INFO = INCLUDE_SOURCE;
				MTL_FAST_MATH = YES;
				ONLY_ACTIVE_ARCH = YES;
				PRODUCT_NAME = "$(TARGET_NAME)";
				SDKROOT = iphoneos;
				SWIFT_ACTIVE_COMPILATION_CONDITIONS = DEBUG;
				SWIFT_OPTIMIZATION_LEVEL = "-Onone";
				SWIFT_VERSION = 5.9;
			};
			name = Debug;
		};
		A8A66B3D031454F10141FFDF /* Release */ = {
			isa = XCBuildConfiguration;
			buildSettings = {
				ASSETCATALOG_COMPILER_APPICON_NAME = AppIcon;
				ASSETCATALOG_COMPILER_GLOBAL_ACCENT_COLOR_NAME = AccentColor;
				CODE_SIGN_ENTITLEMENTS = "MatchaSchedule-Release.entitlements";
				CODE_SIGN_IDENTITY = "Apple Distribution";
				CODE_SIGN_STYLE = Manual;
				ENABLE_USER_SCRIPT_SANDBOXING = NO;
				INFOPLIST_FILE = Info.plist;
				IPHONEOS_DEPLOYMENT_TARGET = 17.0;
				LD_RUNPATH_SEARCH_PATHS = (
					"$(inherited)",
					"@executable_path/Frameworks",
				);
				PRODUCT_BUNDLE_IDENTIFIER = com.matchasched.app;
				PROVISIONING_PROFILE_SPECIFIER = "Matcha Schedule App Store";
				SDKROOT = iphoneos;
				TARGETED_DEVICE_FAMILY = 1;
			};
			name = Release;
		};
		AE6A2647C528C2281A0783C2 /* Debug */ = {
			isa = XCBuildConfiguration;
			buildSettings = {
				BUNDLE_LOADER = "$(TEST_HOST)";
				GENERATE_INFOPLIST_FILE = YES;
				IPHONEOS_DEPLOYMENT_TARGET = 17.0;
				LD_RUNPATH_SEARCH_PATHS = (
					"$(inherited)",
					"@executable_path/Frameworks",
					"@loader_path/Frameworks",
				);
				PRODUCT_BUNDLE_IDENTIFIER = com.matchasched.app.tests;
				SDKROOT = iphoneos;
				TARGETED_DEVICE_FAMILY = "1,2";
				TEST_HOST = "$(BUILT_PRODUCTS_DIR)/MatchaSchedule.app/MatchaSchedule";
			};
			name = Debug;
		};
		CE284F362DCC1BFDE0CD1A0A /* Release */ = {
			isa = XCBuildConfiguration;
			buildSettings = {
				ALWAYS_SEARCH_USER_PATHS = NO;
				CLANG_ANALYZER_NONNULL = YES;
				CLANG_ANALYZER_NUMBER_OBJECT_CONVERSION = YES_AGGRESSIVE;
				CLANG_CXX_LANGUAGE_STANDARD = "gnu++14";
				CLANG_CXX_LIBRARY = "libc++";
				CLANG_ENABLE_MODULES = YES;
				CLANG_ENABLE_OBJC_ARC = YES;
				CLANG_ENABLE_OBJC_WEAK = YES;
				CLANG_WARN_BLOCK_CAPTURE_AUTORELEASING = YES;
				CLANG_WARN_BOOL_CONVERSION = YES;
				CLANG_WARN_COMMA = YES;
				CLANG_WARN_CONSTANT_CONVERSION = YES;
				CLANG_WARN_DEPRECATED_OBJC_IMPLEMENTATIONS = YES;
				CLANG_WARN_DIRECT_OBJC_ISA_USAGE = YES_ERROR;
				CLANG_WARN_DOCUMENTATION_COMMENTS = YES;
				CLANG_WARN_EMPTY_BODY = YES;
				CLANG_WARN_ENUM_CONVERSION = YES;
				CLANG_WARN_INFINITE_RECURSION = YES;
				CLANG_WARN_INT_CONVERSION = YES;
				CLANG_WARN_NON_LITERAL_NULL_CONVERSION = YES;
				CLANG_WARN_OBJC_IMPLICIT_RETAIN_SELF = YES;
				CLANG_WARN_OBJC_LITERAL_CONVERSION = YES;
				CLANG_WARN_OBJC_ROOT_CLASS = YES_ERROR;
				CLANG_WARN_QUOTED_INCLUDE_IN_FRAMEWORK_HEADER = YES;
				CLANG_WARN_RANGE_LOOP_ANALYSIS = YES;
				CLANG_WARN_STRICT_PROTOTYPES = YES;
				CLANG_WARN_SUSPICIOUS_MOVE = YES;
				CLANG_WARN_UNGUARDED_AVAILABILITY = YES_AGGRESSIVE;
				CLANG_WARN_UNREACHABLE_CODE = YES;
				CLANG_WARN__DUPLICATE_METHOD_MATCH = YES;
				CODE_SIGN_STYLE = Automatic;
				COPY_PHASE_STRIP = NO;
				CURRENT_PROJECT_VERSION = 1;
				DEBUG_INFORMATION_FORMAT = "dwarf-with-dsym";
				DEVELOPMENT_TEAM = 5D6TJVCPBK;
				ENABLE_NS_ASSERTIONS = NO;
				ENABLE_STRICT_OBJC_MSGSEND = YES;
				GCC_C_LANGUAGE_STANDARD = gnu11;
				GCC_NO_COMMON_BLOCKS = YES;
				GCC_WARN_64_TO_32_BIT_CONVERSION = YES;
				GCC_WARN_ABOUT_RETURN_TYPE = YES_ERROR;
				GCC_WARN_UNDECLARED_SELECTOR = YES;
				GCC_WARN_UNINITIALIZED_AUTOS = YES_AGGRESSIVE;
				GCC_WARN_UNUSED_FUNCTION = YES;
				GCC_WARN_UNUSED_VARIABLE = YES;
				IPHONEOS_DEPLOYMENT_TARGET = 17.0;
				MARKETING_VERSION = 1.0.0;
				MTL_ENABLE_DEBUG_INFO = NO;
				MTL_FAST_MATH = YES;
				PRODUCT_NAME = "$(TARGET_NAME)";
				SDKROOT = iphoneos;
				SWIFT_COMPILATION_MODE = wholemodule;
				SWIFT_OPTIMIZATION_LEVEL = "-O";
				SWIFT_VERSION = 5.9;
			};
			name = Release;
		};
		DAC1336196869ADB8BC17434 /* Debug */ = {
			isa = XCBuildConfiguration;
			buildSettings = {
				BUNDLE_LOADER = "$(TEST_HOST)";
				GENERATE_INFOPLIST_FILE = YES;
				IPHONEOS_DEPLOYMENT_TARGET = 17.0;
				LD_RUNPATH_SEARCH_PATHS = (
					"$(inherited)",
					"@executable_path/Frameworks",
					"@loader_path/Frameworks",
				);
				PRODUCT_BUNDLE_IDENTIFIER = com.matchasched.app.uitests;
				SDKROOT = iphoneos;
				TARGETED_DEVICE_FAMILY = "1,2";
				TEST_TARGET_NAME = MatchaSchedule;
			};
			name = Debug;
		};
/* End XCBuildConfiguration section */

/* Begin XCConfigurationList section */
		6683C237C07C45C3D4DC8240 /* Build configuration list for PBXNativeTarget "MatchaScheduleTests" */ = {
			isa = XCConfigurationList;
			buildConfigurations = (
				AE6A2647C528C2281A0783C2 /* Debug */,
				514369B8FA3C9BC4A563458D /* Release */,
			);
			defaultConfigurationIsVisible = 0;
			defaultConfigurationName = Debug;
		};
		678217E7AB85A4A53904BF8F /* Build configuration list for PBXNativeTarget "MatchaSchedule" */ = {
			isa = XCConfigurationList;
			buildConfigurations = (
				4235644FCBD3031F92F593DD /* Debug */,
				A8A66B3D031454F10141FFDF /* Release */,
			);
			defaultConfigurationIsVisible = 0;
			defaultConfigurationName = Debug;
		};
		9F37C3C8763095A88E5B6AF5 /* Build configuration list for PBXProject "MatchaSchedule" */ = {
			isa = XCConfigurationList;
			buildConfigurations = (
				7BB3EC4FF14ACA839644AA64 /* Debug */,
				CE284F362DCC1BFDE0CD1A0A /* Release */,
			);
			defaultConfigurationIsVisible = 0;
			defaultConfigurationName = Debug;
		};
		A40E0546473FB60D148A071B /* Build configuration list for PBXNativeTarget "MatchaScheduleUITests" */ = {
			isa = XCConfigurationList;
			buildConfigurations = (
				DAC1336196869ADB8BC17434 /* Debug */,
				569D71BC32FA5C7561CC8D70 /* Release */,
			);
			defaultConfigurationIsVisible = 0;
			defaultConfigurationName = Debug;
		};
/* End XCConfigurationList section */
	};
	rootObject = 163F112F9D5D042E93782A2D /* Project object */;
}
